PODS:
  - iOSPhotoEditor (0.5)
  - Masonry (1.0.2)
  - SDWebImage (4.2.3):
    - SDWebImage/Core (= 4.2.3)
  - SDWebImage/Core (4.2.3)

DEPENDENCIES:
  - iOSPhotoEditor
  - Masonry (~> 1.0.2)
  - SDWebImage (~> 4.0)

SPEC CHECKSUMS:
  iOSPhotoEditor: 0ddc84bcef9fe73fe8cc45ac999b89e0aa207aea
  Masonry: 7c429b56da9d4ee0bbb3ed77a5ea710d6a5df39e
  SDWebImage: 791bb72962b3492327ddcac4b1880bd1b5458431

PODFILE CHECKSUM: 25b8902faeef37dcfddd0be1d364d5e434ece6b0

COCOAPODS: 1.3.1
