// !$*UTF8*$!
{
	archiveVersion = 1;
	classes = {
	};
	objectVersion = 46;
	objects = {

/* Begin PBXBuildFile section */
		371597A51EDF9AE700B482AB /* File.m in Sources */ = {isa = PBXBuildFile; fileRef = 371597A41EDF9AE700B482AB /* File.m */; };
		371597AC1EDFB1A500B482AB /* Device.m in Sources */ = {isa = PBXBuildFile; fileRef = 371597AB1EDFB1A500B482AB /* Device.m */; };
		371597F91EE0F99900B482AB /* PDFDocument.m in Sources */ = {isa = PBXBuildFile; fileRef = 371597F61EE0F99900B482AB /* PDFDocument.m */; };
		371597FA1EE0F99900B482AB /* PDFPage.m in Sources */ = {isa = PBXBuildFile; fileRef = 371597F81EE0F99900B482AB /* PDFPage.m */; };
		371597FD1EE0F9E000B482AB /* PDFPageViewController.m in Sources */ = {isa = PBXBuildFile; fileRef = 371597FC1EE0F9E000B482AB /* PDFPageViewController.m */; };
		372A98CB1EF6276700954DEA /* TXTReaderConfigue.m in Sources */ = {isa = PBXBuildFile; fileRef = 372A98CA1EF6276600954DEA /* TXTReaderConfigue.m */; };
		372B6A821EDE5F9E00C4E979 /* ReaderPDFViewController.m in Sources */ = {isa = PBXBuildFile; fileRef = 372B6A811EDE5F9E00C4E979 /* ReaderPDFViewController.m */; };
		372F7D891EF7AB17001D74EB /* ReadTXTMagnifierView.m in Sources */ = {isa = PBXBuildFile; fileRef = 372F7D881EF7AB17001D74EB /* ReadTXTMagnifierView.m */; };
		372FD5911EF17C70001A7868 /* ReadTXTView.m in Sources */ = {isa = PBXBuildFile; fileRef = 372FD5901EF17C70001A7868 /* ReadTXTView.m */; };
		372FD5941EF17CA7001A7868 /* ReadTXTModel.m in Sources */ = {isa = PBXBuildFile; fileRef = 372FD5931EF17CA7001A7868 /* ReadTXTModel.m */; };
		372FD5971EF184FF001A7868 /* ReadTXTPageViewController.m in Sources */ = {isa = PBXBuildFile; fileRef = 372FD5961EF184FF001A7868 /* ReadTXTPageViewController.m */; };
		372FD5A01EF29AAF001A7868 /* ReadChapterModel.m in Sources */ = {isa = PBXBuildFile; fileRef = 372FD59E1EF29AAF001A7868 /* ReadChapterModel.m */; };
		372FD5A41EF29C43001A7868 /* TXTReaderParse.m in Sources */ = {isa = PBXBuildFile; fileRef = 372FD5A31EF29C43001A7868 /* TXTReaderParse.m */; };
		372FD5AB1EF2D2F9001A7868 /* MBProgressHUD+NJ.m in Sources */ = {isa = PBXBuildFile; fileRef = 372FD5A71EF2D2F9001A7868 /* MBProgressHUD+NJ.m */; };
		372FD5AC1EF2D2F9001A7868 /* MBProgressHUD.bundle in Resources */ = {isa = PBXBuildFile; fileRef = 372FD5A81EF2D2F9001A7868 /* MBProgressHUD.bundle */; };
		372FD5AD1EF2D2F9001A7868 /* MBProgressHUD.m in Sources */ = {isa = PBXBuildFile; fileRef = 372FD5AA1EF2D2F9001A7868 /* MBProgressHUD.m */; };
		374AB5B71ED7D088004CFD0B /* DataBaseTool.m in Sources */ = {isa = PBXBuildFile; fileRef = 374AB5B21ED7D088004CFD0B /* DataBaseTool.m */; };
		374AB5B81ED7D088004CFD0B /* UIView+Extension.m in Sources */ = {isa = PBXBuildFile; fileRef = 374AB5B41ED7D088004CFD0B /* UIView+Extension.m */; };
		374AB5B91ED7D088004CFD0B /* ZoomImageView.m in Sources */ = {isa = PBXBuildFile; fileRef = 374AB5B51ED7D088004CFD0B /* ZoomImageView.m */; };
		376F4D771EDAED5F00CE9B26 /* AVFoundation.framework in Frameworks */ = {isa = PBXBuildFile; fileRef = 37739A5F1ED91BB4001BF4F1 /* AVFoundation.framework */; };
		376F4DC81EDAF8B300CE9B26 /* About.txt in Resources */ = {isa = PBXBuildFile; fileRef = 376F4D861EDAF8B300CE9B26 /* About.txt */; };
		376F4DC91EDAF8B300CE9B26 /* GCDAsyncSocket.m in Sources */ = {isa = PBXBuildFile; fileRef = 376F4D881EDAF8B300CE9B26 /* GCDAsyncSocket.m */; };
		376F4DCA1EDAF8B300CE9B26 /* About.txt in Resources */ = {isa = PBXBuildFile; fileRef = 376F4D8A1EDAF8B300CE9B26 /* About.txt */; };
		376F4DCB1EDAF8B300CE9B26 /* DDAbstractDatabaseLogger.m in Sources */ = {isa = PBXBuildFile; fileRef = 376F4D8C1EDAF8B300CE9B26 /* DDAbstractDatabaseLogger.m */; };
		376F4DCC1EDAF8B300CE9B26 /* DDASLLogger.m in Sources */ = {isa = PBXBuildFile; fileRef = 376F4D8E1EDAF8B300CE9B26 /* DDASLLogger.m */; };
		376F4DCD1EDAF8B300CE9B26 /* DDFileLogger.m in Sources */ = {isa = PBXBuildFile; fileRef = 376F4D901EDAF8B300CE9B26 /* DDFileLogger.m */; };
		376F4DCE1EDAF8B300CE9B26 /* DDLog.m in Sources */ = {isa = PBXBuildFile; fileRef = 376F4D921EDAF8B300CE9B26 /* DDLog.m */; };
		376F4DCF1EDAF8B300CE9B26 /* DDTTYLogger.m in Sources */ = {isa = PBXBuildFile; fileRef = 376F4D941EDAF8B300CE9B26 /* DDTTYLogger.m */; };
		376F4DD01EDAF8B300CE9B26 /* ContextFilterLogFormatter.m in Sources */ = {isa = PBXBuildFile; fileRef = 376F4D971EDAF8B300CE9B26 /* ContextFilterLogFormatter.m */; };
		376F4DD11EDAF8B300CE9B26 /* DispatchQueueLogFormatter.m in Sources */ = {isa = PBXBuildFile; fileRef = 376F4D991EDAF8B300CE9B26 /* DispatchQueueLogFormatter.m */; };
		376F4DD21EDAF8B300CE9B26 /* README.txt in Resources */ = {isa = PBXBuildFile; fileRef = 376F4D9A1EDAF8B300CE9B26 /* README.txt */; };
		376F4DD31EDAF8B300CE9B26 /* DDData.m in Sources */ = {isa = PBXBuildFile; fileRef = 376F4D9E1EDAF8B300CE9B26 /* DDData.m */; };
		376F4DD41EDAF8B300CE9B26 /* DDNumber.m in Sources */ = {isa = PBXBuildFile; fileRef = 376F4DA01EDAF8B300CE9B26 /* DDNumber.m */; };
		376F4DD51EDAF8B300CE9B26 /* DDRange.m in Sources */ = {isa = PBXBuildFile; fileRef = 376F4DA21EDAF8B300CE9B26 /* DDRange.m */; };
		376F4DD61EDAF8B300CE9B26 /* HTTPAuthenticationRequest.m in Sources */ = {isa = PBXBuildFile; fileRef = 376F4DA41EDAF8B300CE9B26 /* HTTPAuthenticationRequest.m */; };
		376F4DD71EDAF8B300CE9B26 /* HTTPConnection.m in Sources */ = {isa = PBXBuildFile; fileRef = 376F4DA61EDAF8B300CE9B26 /* HTTPConnection.m */; };
		376F4DD81EDAF8B300CE9B26 /* HTTPMessage.m in Sources */ = {isa = PBXBuildFile; fileRef = 376F4DA91EDAF8B300CE9B26 /* HTTPMessage.m */; };
		376F4DD91EDAF8B300CE9B26 /* HTTPServer.m in Sources */ = {isa = PBXBuildFile; fileRef = 376F4DAC1EDAF8B300CE9B26 /* HTTPServer.m */; };
		376F4DDA1EDAF8B300CE9B26 /* MultipartFormDataParser.m in Sources */ = {isa = PBXBuildFile; fileRef = 376F4DAF1EDAF8B300CE9B26 /* MultipartFormDataParser.m */; };
		376F4DDB1EDAF8B300CE9B26 /* MultipartMessageHeader.m in Sources */ = {isa = PBXBuildFile; fileRef = 376F4DB11EDAF8B300CE9B26 /* MultipartMessageHeader.m */; };
		376F4DDC1EDAF8B300CE9B26 /* MultipartMessageHeaderField.m in Sources */ = {isa = PBXBuildFile; fileRef = 376F4DB31EDAF8B300CE9B26 /* MultipartMessageHeaderField.m */; };
		376F4DDD1EDAF8B300CE9B26 /* HTTPAsyncFileResponse.m in Sources */ = {isa = PBXBuildFile; fileRef = 376F4DB61EDAF8B300CE9B26 /* HTTPAsyncFileResponse.m */; };
		376F4DDE1EDAF8B300CE9B26 /* HTTPDataResponse.m in Sources */ = {isa = PBXBuildFile; fileRef = 376F4DB81EDAF8B300CE9B26 /* HTTPDataResponse.m */; };
		376F4DDF1EDAF8B300CE9B26 /* HTTPDynamicFileResponse.m in Sources */ = {isa = PBXBuildFile; fileRef = 376F4DBA1EDAF8B300CE9B26 /* HTTPDynamicFileResponse.m */; };
		376F4DE01EDAF8B300CE9B26 /* HTTPErrorResponse.m in Sources */ = {isa = PBXBuildFile; fileRef = 376F4DBC1EDAF8B300CE9B26 /* HTTPErrorResponse.m */; };
		376F4DE11EDAF8B300CE9B26 /* HTTPFileResponse.m in Sources */ = {isa = PBXBuildFile; fileRef = 376F4DBE1EDAF8B300CE9B26 /* HTTPFileResponse.m */; };
		376F4DE21EDAF8B300CE9B26 /* HTTPRedirectResponse.m in Sources */ = {isa = PBXBuildFile; fileRef = 376F4DC01EDAF8B300CE9B26 /* HTTPRedirectResponse.m */; };
		376F4DE31EDAF8B300CE9B26 /* WebSocket.m in Sources */ = {isa = PBXBuildFile; fileRef = 376F4DC21EDAF8B300CE9B26 /* WebSocket.m */; };
		376F4DE41EDAF8B300CE9B26 /* MyHTTPConnection.m in Sources */ = {isa = PBXBuildFile; fileRef = 376F4DC41EDAF8B300CE9B26 /* MyHTTPConnection.m */; };
		376F4DE51EDAF8B300CE9B26 /* index.html in Resources */ = {isa = PBXBuildFile; fileRef = 376F4DC61EDAF8B300CE9B26 /* index.html */; };
		376F4DE61EDAF8B300CE9B26 /* upload.html in Resources */ = {isa = PBXBuildFile; fileRef = 376F4DC71EDAF8B300CE9B26 /* upload.html */; };
		37739A721ED91C0F001BF4F1 /* UIKit.framework in Frameworks */ = {isa = PBXBuildFile; fileRef = 37739A711ED91C0F001BF4F1 /* UIKit.framework */; };
		377E95B51ED532CD0080E86D /* main.m in Sources */ = {isa = PBXBuildFile; fileRef = 377E95B41ED532CD0080E86D /* main.m */; };
		377E95C01ED532CD0080E86D /* Assets.xcassets in Resources */ = {isa = PBXBuildFile; fileRef = 377E95BF1ED532CD0080E86D /* Assets.xcassets */; };
		377E95C31ED532CD0080E86D /* LaunchScreen.storyboard in Resources */ = {isa = PBXBuildFile; fileRef = 377E95C11ED532CD0080E86D /* LaunchScreen.storyboard */; };
		377E95CE1ED532CD0080E86D /* MyFileManageTests.m in Sources */ = {isa = PBXBuildFile; fileRef = 377E95CD1ED532CD0080E86D /* MyFileManageTests.m */; };
		377E95D91ED532CD0080E86D /* MyFileManageUITests.m in Sources */ = {isa = PBXBuildFile; fileRef = 377E95D81ED532CD0080E86D /* MyFileManageUITests.m */; };
		377E95EA1ED533CD0080E86D /* AppDelegate.m in Sources */ = {isa = PBXBuildFile; fileRef = 377E95E91ED533CD0080E86D /* AppDelegate.m */; };
		377E95ED1ED533FC0080E86D /* homeViewController.m in Sources */ = {isa = PBXBuildFile; fileRef = 377E95EC1ED533FC0080E86D /* homeViewController.m */; };
		377E96E81ED53BB80080E86D /* index.html in Resources */ = {isa = PBXBuildFile; fileRef = 377E96E61ED53BB80080E86D /* index.html */; };
		377E96E91ED53BB80080E86D /* upload.html in Resources */ = {isa = PBXBuildFile; fileRef = 377E96E71ED53BB80080E86D /* upload.html */; };
		377E96F51ED55FA70080E86D /* BaseNavgaitionController.m in Sources */ = {isa = PBXBuildFile; fileRef = 377E96F21ED55FA70080E86D /* BaseNavgaitionController.m */; };
		377E96F61ED55FA70080E86D /* MainViewController.m in Sources */ = {isa = PBXBuildFile; fileRef = 377E96F41ED55FA70080E86D /* MainViewController.m */; };
		377E96FA1ED560530080E86D /* SettingViewController.m in Sources */ = {isa = PBXBuildFile; fileRef = 377E96F91ED560530080E86D /* SettingViewController.m */; };
		377E96FF1ED565F10080E86D /* setting@2x.png in Resources */ = {isa = PBXBuildFile; fileRef = 377E96FE1ED565F10080E86D /* setting@2x.png */; };
		377E97011ED567050080E86D /* home@2x.png in Resources */ = {isa = PBXBuildFile; fileRef = 377E97001ED567050080E86D /* home@2x.png */; };
		377E97041ED57F210080E86D /* navLeft@2x.png in Resources */ = {isa = PBXBuildFile; fileRef = 377E97021ED57F210080E86D /* navLeft@2x.png */; };
		377E97051ED57F210080E86D /* navLeft@3x.png in Resources */ = {isa = PBXBuildFile; fileRef = 377E97031ED57F210080E86D /* navLeft@3x.png */; };
		377E97071ED5C4050080E86D /* 点击.png in Resources */ = {isa = PBXBuildFile; fileRef = 377E97061ED5C4050080E86D /* 点击.png */; };
		377E970A1ED5C5C40080E86D /* ConnectWifiWebViewController.m in Sources */ = {isa = PBXBuildFile; fileRef = 377E97091ED5C5C40080E86D /* ConnectWifiWebViewController.m */; };
		377E970C1ED5C6AC0080E86D /* back@2x.png in Resources */ = {isa = PBXBuildFile; fileRef = 377E970B1ED5C6AC0080E86D /* back@2x.png */; };
		377E97161ED68D530080E86D /* tips.png in Resources */ = {isa = PBXBuildFile; fileRef = 377E97151ED68D520080E86D /* tips.png */; };
		377E971A1ED69BFE0080E86D /* fileModel.m in Sources */ = {isa = PBXBuildFile; fileRef = 377E97191ED69BFE0080E86D /* fileModel.m */; };
		377E971D1ED6BD1F0080E86D /* openImageViewController.m in Sources */ = {isa = PBXBuildFile; fileRef = 377E971C1ED6BD1F0080E86D /* openImageViewController.m */; };
		37B3B2901EE3A569001D9ECD /* ReaderTextViewController.m in Sources */ = {isa = PBXBuildFile; fileRef = 37B3B28F1EE3A569001D9ECD /* ReaderTextViewController.m */; };
		37CB42A41EE63A9D004D1BAC /* QuartzCore.framework in Frameworks */ = {isa = PBXBuildFile; fileRef = 37739A6F1ED91C0A001BF4F1 /* QuartzCore.framework */; };
		37DA25ED1ED6EFED000C607B /* playVideoViewController.m in Sources */ = {isa = PBXBuildFile; fileRef = 37DA25EC1ED6EFED000C607B /* playVideoViewController.m */; };
		37E41ADD1EDAFAF60096C7BF /* cacheVideoConnect.m in Sources */ = {isa = PBXBuildFile; fileRef = 37E41AC91EDAFAF60096C7BF /* cacheVideoConnect.m */; };
		37E41ADE1EDAFAF60096C7BF /* cacheVideoSaveCache.m in Sources */ = {isa = PBXBuildFile; fileRef = 37E41ACB1EDAFAF60096C7BF /* cacheVideoSaveCache.m */; };
		37E41ADF1EDAFAF60096C7BF /* playView+playControl.m in Sources */ = {isa = PBXBuildFile; fileRef = 37E41ACF1EDAFAF60096C7BF /* playView+playControl.m */; };
		37E41AE01EDAFAF60096C7BF /* playView+playInfoShow.m in Sources */ = {isa = PBXBuildFile; fileRef = 37E41AD11EDAFAF60096C7BF /* playView+playInfoShow.m */; };
		37E41AE11EDAFAF60096C7BF /* playView+showHMSecond.m in Sources */ = {isa = PBXBuildFile; fileRef = 37E41AD31EDAFAF60096C7BF /* playView+showHMSecond.m */; };
		37E41AE21EDAFAF60096C7BF /* playView+slidePlayControl.m in Sources */ = {isa = PBXBuildFile; fileRef = 37E41AD51EDAFAF60096C7BF /* playView+slidePlayControl.m */; };
		37E41AE31EDAFAF60096C7BF /* playView.m in Sources */ = {isa = PBXBuildFile; fileRef = 37E41AD81EDAFAF60096C7BF /* playView.m */; };
		37E41AE41EDAFAF60096C7BF /* progressSlideView.m in Sources */ = {isa = PBXBuildFile; fileRef = 37E41ADA1EDAFAF60096C7BF /* progressSlideView.m */; };
		37E41AE51EDAFAF60096C7BF /* progressView.m in Sources */ = {isa = PBXBuildFile; fileRef = 37E41ADC1EDAFAF60096C7BF /* progressView.m */; };
		6A1E0D4DC004B85D749A009D /* libPods-MyFileManage.a in Frameworks */ = {isa = PBXBuildFile; fileRef = 3BA99DAA997A6074B4A31BC4 /* libPods-MyFileManage.a */; };
/* End PBXBuildFile section */

/* Begin PBXContainerItemProxy section */
		377E95CA1ED532CD0080E86D /* PBXContainerItemProxy */ = {
			isa = PBXContainerItemProxy;
			containerPortal = 377E95A81ED532CD0080E86D /* Project object */;
			proxyType = 1;
			remoteGlobalIDString = 377E95AF1ED532CD0080E86D;
			remoteInfo = MyFileManage;
		};
		377E95D51ED532CD0080E86D /* PBXContainerItemProxy */ = {
			isa = PBXContainerItemProxy;
			containerPortal = 377E95A81ED532CD0080E86D /* Project object */;
			proxyType = 1;
			remoteGlobalIDString = 377E95AF1ED532CD0080E86D;
			remoteInfo = MyFileManage;
		};
/* End PBXContainerItemProxy section */

/* Begin PBXFileReference section */
		371597A31EDF9AE700B482AB /* File.h */ = {isa = PBXFileReference; fileEncoding = 4; lastKnownFileType = sourcecode.c.h; path = File.h; sourceTree = "<group>"; };
		371597A41EDF9AE700B482AB /* File.m */ = {isa = PBXFileReference; fileEncoding = 4; lastKnownFileType = sourcecode.c.objc; path = File.m; sourceTree = "<group>"; };
		371597AA1EDFB1A500B482AB /* Device.h */ = {isa = PBXFileReference; fileEncoding = 4; lastKnownFileType = sourcecode.c.h; path = Device.h; sourceTree = "<group>"; };
		371597AB1EDFB1A500B482AB /* Device.m */ = {isa = PBXFileReference; fileEncoding = 4; lastKnownFileType = sourcecode.c.objc; path = Device.m; sourceTree = "<group>"; };
		371597F51EE0F99900B482AB /* PDFDocument.h */ = {isa = PBXFileReference; fileEncoding = 4; lastKnownFileType = sourcecode.c.h; path = PDFDocument.h; sourceTree = "<group>"; };
		371597F61EE0F99900B482AB /* PDFDocument.m */ = {isa = PBXFileReference; fileEncoding = 4; lastKnownFileType = sourcecode.c.objc; path = PDFDocument.m; sourceTree = "<group>"; };
		371597F71EE0F99900B482AB /* PDFPage.h */ = {isa = PBXFileReference; fileEncoding = 4; lastKnownFileType = sourcecode.c.h; path = PDFPage.h; sourceTree = "<group>"; };
		371597F81EE0F99900B482AB /* PDFPage.m */ = {isa = PBXFileReference; fileEncoding = 4; lastKnownFileType = sourcecode.c.objc; path = PDFPage.m; sourceTree = "<group>"; };
		371597FB1EE0F9E000B482AB /* PDFPageViewController.h */ = {isa = PBXFileReference; fileEncoding = 4; lastKnownFileType = sourcecode.c.h; path = PDFPageViewController.h; sourceTree = "<group>"; };
		371597FC1EE0F9E000B482AB /* PDFPageViewController.m */ = {isa = PBXFileReference; fileEncoding = 4; lastKnownFileType = sourcecode.c.objc; path = PDFPageViewController.m; sourceTree = "<group>"; };
		372A98C91EF6276600954DEA /* TXTReaderConfigue.h */ = {isa = PBXFileReference; fileEncoding = 4; lastKnownFileType = sourcecode.c.h; path = TXTReaderConfigue.h; sourceTree = "<group>"; };
		372A98CA1EF6276600954DEA /* TXTReaderConfigue.m */ = {isa = PBXFileReference; fileEncoding = 4; lastKnownFileType = sourcecode.c.objc; path = TXTReaderConfigue.m; sourceTree = "<group>"; };
		372B6A801EDE5F9E00C4E979 /* ReaderPDFViewController.h */ = {isa = PBXFileReference; fileEncoding = 4; lastKnownFileType = sourcecode.c.h; path = ReaderPDFViewController.h; sourceTree = "<group>"; };
		372B6A811EDE5F9E00C4E979 /* ReaderPDFViewController.m */ = {isa = PBXFileReference; fileEncoding = 4; lastKnownFileType = sourcecode.c.objc; path = ReaderPDFViewController.m; sourceTree = "<group>"; };
		372F7D871EF7AB17001D74EB /* ReadTXTMagnifierView.h */ = {isa = PBXFileReference; fileEncoding = 4; lastKnownFileType = sourcecode.c.h; path = ReadTXTMagnifierView.h; sourceTree = "<group>"; };
		372F7D881EF7AB17001D74EB /* ReadTXTMagnifierView.m */ = {isa = PBXFileReference; fileEncoding = 4; lastKnownFileType = sourcecode.c.objc; path = ReadTXTMagnifierView.m; sourceTree = "<group>"; };
		372FD58F1EF17C70001A7868 /* ReadTXTView.h */ = {isa = PBXFileReference; fileEncoding = 4; lastKnownFileType = sourcecode.c.h; path = ReadTXTView.h; sourceTree = "<group>"; };
		372FD5901EF17C70001A7868 /* ReadTXTView.m */ = {isa = PBXFileReference; fileEncoding = 4; lastKnownFileType = sourcecode.c.objc; path = ReadTXTView.m; sourceTree = "<group>"; };
		372FD5921EF17CA7001A7868 /* ReadTXTModel.h */ = {isa = PBXFileReference; fileEncoding = 4; lastKnownFileType = sourcecode.c.h; path = ReadTXTModel.h; sourceTree = "<group>"; };
		372FD5931EF17CA7001A7868 /* ReadTXTModel.m */ = {isa = PBXFileReference; fileEncoding = 4; lastKnownFileType = sourcecode.c.objc; path = ReadTXTModel.m; sourceTree = "<group>"; };
		372FD5951EF184FF001A7868 /* ReadTXTPageViewController.h */ = {isa = PBXFileReference; fileEncoding = 4; lastKnownFileType = sourcecode.c.h; path = ReadTXTPageViewController.h; sourceTree = "<group>"; };
		372FD5961EF184FF001A7868 /* ReadTXTPageViewController.m */ = {isa = PBXFileReference; fileEncoding = 4; lastKnownFileType = sourcecode.c.objc; path = ReadTXTPageViewController.m; sourceTree = "<group>"; };
		372FD59E1EF29AAF001A7868 /* ReadChapterModel.m */ = {isa = PBXFileReference; fileEncoding = 4; lastKnownFileType = sourcecode.c.objc; name = ReadChapterModel.m; path = ../View/ReadChapterModel.m; sourceTree = "<group>"; };
		372FD59F1EF29AAF001A7868 /* ReadChapterModel.h */ = {isa = PBXFileReference; fileEncoding = 4; lastKnownFileType = sourcecode.c.h; name = ReadChapterModel.h; path = ../View/ReadChapterModel.h; sourceTree = "<group>"; };
		372FD5A21EF29C43001A7868 /* TXTReaderParse.h */ = {isa = PBXFileReference; fileEncoding = 4; lastKnownFileType = sourcecode.c.h; path = TXTReaderParse.h; sourceTree = "<group>"; };
		372FD5A31EF29C43001A7868 /* TXTReaderParse.m */ = {isa = PBXFileReference; fileEncoding = 4; lastKnownFileType = sourcecode.c.objc; path = TXTReaderParse.m; sourceTree = "<group>"; };
		372FD5A61EF2D2F9001A7868 /* MBProgressHUD+NJ.h */ = {isa = PBXFileReference; fileEncoding = 4; lastKnownFileType = sourcecode.c.h; path = "MBProgressHUD+NJ.h"; sourceTree = "<group>"; };
		372FD5A71EF2D2F9001A7868 /* MBProgressHUD+NJ.m */ = {isa = PBXFileReference; fileEncoding = 4; lastKnownFileType = sourcecode.c.objc; path = "MBProgressHUD+NJ.m"; sourceTree = "<group>"; };
		372FD5A81EF2D2F9001A7868 /* MBProgressHUD.bundle */ = {isa = PBXFileReference; lastKnownFileType = "wrapper.plug-in"; path = MBProgressHUD.bundle; sourceTree = "<group>"; };
		372FD5A91EF2D2F9001A7868 /* MBProgressHUD.h */ = {isa = PBXFileReference; fileEncoding = 4; lastKnownFileType = sourcecode.c.h; path = MBProgressHUD.h; sourceTree = "<group>"; };
		372FD5AA1EF2D2F9001A7868 /* MBProgressHUD.m */ = {isa = PBXFileReference; fileEncoding = 4; lastKnownFileType = sourcecode.c.objc; path = MBProgressHUD.m; sourceTree = "<group>"; };
		374AB5B11ED7D088004CFD0B /* DataBaseTool.h */ = {isa = PBXFileReference; fileEncoding = 4; lastKnownFileType = sourcecode.c.h; path = DataBaseTool.h; sourceTree = "<group>"; };
		374AB5B21ED7D088004CFD0B /* DataBaseTool.m */ = {isa = PBXFileReference; fileEncoding = 4; lastKnownFileType = sourcecode.c.objc; path = DataBaseTool.m; sourceTree = "<group>"; };
		374AB5B31ED7D088004CFD0B /* UIView+Extension.h */ = {isa = PBXFileReference; fileEncoding = 4; lastKnownFileType = sourcecode.c.h; path = "UIView+Extension.h"; sourceTree = "<group>"; };
		374AB5B41ED7D088004CFD0B /* UIView+Extension.m */ = {isa = PBXFileReference; fileEncoding = 4; lastKnownFileType = sourcecode.c.objc; path = "UIView+Extension.m"; sourceTree = "<group>"; };
		374AB5B51ED7D088004CFD0B /* ZoomImageView.m */ = {isa = PBXFileReference; fileEncoding = 4; lastKnownFileType = sourcecode.c.objc; path = ZoomImageView.m; sourceTree = "<group>"; };
		374AB5B61ED7D088004CFD0B /* ZoomImageView.h */ = {isa = PBXFileReference; fileEncoding = 4; lastKnownFileType = sourcecode.c.h; path = ZoomImageView.h; sourceTree = "<group>"; };
		376F4D821EDAEEE100CE9B26 /* libstdc++.tbd */ = {isa = PBXFileReference; lastKnownFileType = "sourcecode.text-based-dylib-definition"; name = "libstdc++.tbd"; path = "usr/lib/libstdc++.tbd"; sourceTree = SDKROOT; };
		376F4D861EDAF8B300CE9B26 /* About.txt */ = {isa = PBXFileReference; fileEncoding = 4; lastKnownFileType = text; path = About.txt; sourceTree = "<group>"; };
		376F4D871EDAF8B300CE9B26 /* GCDAsyncSocket.h */ = {isa = PBXFileReference; fileEncoding = 4; lastKnownFileType = sourcecode.c.h; path = GCDAsyncSocket.h; sourceTree = "<group>"; };
		376F4D881EDAF8B300CE9B26 /* GCDAsyncSocket.m */ = {isa = PBXFileReference; fileEncoding = 4; lastKnownFileType = sourcecode.c.objc; path = GCDAsyncSocket.m; sourceTree = "<group>"; };
		376F4D8A1EDAF8B300CE9B26 /* About.txt */ = {isa = PBXFileReference; fileEncoding = 4; lastKnownFileType = text; path = About.txt; sourceTree = "<group>"; };
		376F4D8B1EDAF8B300CE9B26 /* DDAbstractDatabaseLogger.h */ = {isa = PBXFileReference; fileEncoding = 4; lastKnownFileType = sourcecode.c.h; path = DDAbstractDatabaseLogger.h; sourceTree = "<group>"; };
		376F4D8C1EDAF8B300CE9B26 /* DDAbstractDatabaseLogger.m */ = {isa = PBXFileReference; fileEncoding = 4; lastKnownFileType = sourcecode.c.objc; path = DDAbstractDatabaseLogger.m; sourceTree = "<group>"; };
		376F4D8D1EDAF8B300CE9B26 /* DDASLLogger.h */ = {isa = PBXFileReference; fileEncoding = 4; lastKnownFileType = sourcecode.c.h; path = DDASLLogger.h; sourceTree = "<group>"; };
		376F4D8E1EDAF8B300CE9B26 /* DDASLLogger.m */ = {isa = PBXFileReference; fileEncoding = 4; lastKnownFileType = sourcecode.c.objc; path = DDASLLogger.m; sourceTree = "<group>"; };
		376F4D8F1EDAF8B300CE9B26 /* DDFileLogger.h */ = {isa = PBXFileReference; fileEncoding = 4; lastKnownFileType = sourcecode.c.h; path = DDFileLogger.h; sourceTree = "<group>"; };
		376F4D901EDAF8B300CE9B26 /* DDFileLogger.m */ = {isa = PBXFileReference; fileEncoding = 4; lastKnownFileType = sourcecode.c.objc; path = DDFileLogger.m; sourceTree = "<group>"; };
		376F4D911EDAF8B300CE9B26 /* DDLog.h */ = {isa = PBXFileReference; fileEncoding = 4; lastKnownFileType = sourcecode.c.h; path = DDLog.h; sourceTree = "<group>"; };
		376F4D921EDAF8B300CE9B26 /* DDLog.m */ = {isa = PBXFileReference; fileEncoding = 4; lastKnownFileType = sourcecode.c.objc; path = DDLog.m; sourceTree = "<group>"; };
		376F4D931EDAF8B300CE9B26 /* DDTTYLogger.h */ = {isa = PBXFileReference; fileEncoding = 4; lastKnownFileType = sourcecode.c.h; path = DDTTYLogger.h; sourceTree = "<group>"; };
		376F4D941EDAF8B300CE9B26 /* DDTTYLogger.m */ = {isa = PBXFileReference; fileEncoding = 4; lastKnownFileType = sourcecode.c.objc; path = DDTTYLogger.m; sourceTree = "<group>"; };
		376F4D961EDAF8B300CE9B26 /* ContextFilterLogFormatter.h */ = {isa = PBXFileReference; fileEncoding = 4; lastKnownFileType = sourcecode.c.h; path = ContextFilterLogFormatter.h; sourceTree = "<group>"; };
		376F4D971EDAF8B300CE9B26 /* ContextFilterLogFormatter.m */ = {isa = PBXFileReference; fileEncoding = 4; lastKnownFileType = sourcecode.c.objc; path = ContextFilterLogFormatter.m; sourceTree = "<group>"; };
		376F4D981EDAF8B300CE9B26 /* DispatchQueueLogFormatter.h */ = {isa = PBXFileReference; fileEncoding = 4; lastKnownFileType = sourcecode.c.h; path = DispatchQueueLogFormatter.h; sourceTree = "<group>"; };
		376F4D991EDAF8B300CE9B26 /* DispatchQueueLogFormatter.m */ = {isa = PBXFileReference; fileEncoding = 4; lastKnownFileType = sourcecode.c.objc; path = DispatchQueueLogFormatter.m; sourceTree = "<group>"; };
		376F4D9A1EDAF8B300CE9B26 /* README.txt */ = {isa = PBXFileReference; fileEncoding = 4; lastKnownFileType = text; path = README.txt; sourceTree = "<group>"; };
		376F4D9D1EDAF8B300CE9B26 /* DDData.h */ = {isa = PBXFileReference; fileEncoding = 4; lastKnownFileType = sourcecode.c.h; path = DDData.h; sourceTree = "<group>"; };
		376F4D9E1EDAF8B300CE9B26 /* DDData.m */ = {isa = PBXFileReference; fileEncoding = 4; lastKnownFileType = sourcecode.c.objc; path = DDData.m; sourceTree = "<group>"; };
		376F4D9F1EDAF8B300CE9B26 /* DDNumber.h */ = {isa = PBXFileReference; fileEncoding = 4; lastKnownFileType = sourcecode.c.h; path = DDNumber.h; sourceTree = "<group>"; };
		376F4DA01EDAF8B300CE9B26 /* DDNumber.m */ = {isa = PBXFileReference; fileEncoding = 4; lastKnownFileType = sourcecode.c.objc; path = DDNumber.m; sourceTree = "<group>"; };
		376F4DA11EDAF8B300CE9B26 /* DDRange.h */ = {isa = PBXFileReference; fileEncoding = 4; lastKnownFileType = sourcecode.c.h; path = DDRange.h; sourceTree = "<group>"; };
		376F4DA21EDAF8B300CE9B26 /* DDRange.m */ = {isa = PBXFileReference; fileEncoding = 4; lastKnownFileType = sourcecode.c.objc; path = DDRange.m; sourceTree = "<group>"; };
		376F4DA31EDAF8B300CE9B26 /* HTTPAuthenticationRequest.h */ = {isa = PBXFileReference; fileEncoding = 4; lastKnownFileType = sourcecode.c.h; path = HTTPAuthenticationRequest.h; sourceTree = "<group>"; };
		376F4DA41EDAF8B300CE9B26 /* HTTPAuthenticationRequest.m */ = {isa = PBXFileReference; fileEncoding = 4; lastKnownFileType = sourcecode.c.objc; path = HTTPAuthenticationRequest.m; sourceTree = "<group>"; };
		376F4DA51EDAF8B300CE9B26 /* HTTPConnection.h */ = {isa = PBXFileReference; fileEncoding = 4; lastKnownFileType = sourcecode.c.h; path = HTTPConnection.h; sourceTree = "<group>"; };
		376F4DA61EDAF8B300CE9B26 /* HTTPConnection.m */ = {isa = PBXFileReference; fileEncoding = 4; lastKnownFileType = sourcecode.c.objc; path = HTTPConnection.m; sourceTree = "<group>"; };
		376F4DA71EDAF8B300CE9B26 /* HTTPLogging.h */ = {isa = PBXFileReference; fileEncoding = 4; lastKnownFileType = sourcecode.c.h; path = HTTPLogging.h; sourceTree = "<group>"; };
		376F4DA81EDAF8B300CE9B26 /* HTTPMessage.h */ = {isa = PBXFileReference; fileEncoding = 4; lastKnownFileType = sourcecode.c.h; path = HTTPMessage.h; sourceTree = "<group>"; };
		376F4DA91EDAF8B300CE9B26 /* HTTPMessage.m */ = {isa = PBXFileReference; fileEncoding = 4; lastKnownFileType = sourcecode.c.objc; path = HTTPMessage.m; sourceTree = "<group>"; };
		376F4DAA1EDAF8B300CE9B26 /* HTTPResponse.h */ = {isa = PBXFileReference; fileEncoding = 4; lastKnownFileType = sourcecode.c.h; path = HTTPResponse.h; sourceTree = "<group>"; };
		376F4DAB1EDAF8B300CE9B26 /* HTTPServer.h */ = {isa = PBXFileReference; fileEncoding = 4; lastKnownFileType = sourcecode.c.h; path = HTTPServer.h; sourceTree = "<group>"; };
		376F4DAC1EDAF8B300CE9B26 /* HTTPServer.m */ = {isa = PBXFileReference; fileEncoding = 4; lastKnownFileType = sourcecode.c.objc; path = HTTPServer.m; sourceTree = "<group>"; };
		376F4DAE1EDAF8B300CE9B26 /* MultipartFormDataParser.h */ = {isa = PBXFileReference; fileEncoding = 4; lastKnownFileType = sourcecode.c.h; path = MultipartFormDataParser.h; sourceTree = "<group>"; };
		376F4DAF1EDAF8B300CE9B26 /* MultipartFormDataParser.m */ = {isa = PBXFileReference; fileEncoding = 4; lastKnownFileType = sourcecode.c.objc; path = MultipartFormDataParser.m; sourceTree = "<group>"; };
		376F4DB01EDAF8B300CE9B26 /* MultipartMessageHeader.h */ = {isa = PBXFileReference; fileEncoding = 4; lastKnownFileType = sourcecode.c.h; path = MultipartMessageHeader.h; sourceTree = "<group>"; };
		376F4DB11EDAF8B300CE9B26 /* MultipartMessageHeader.m */ = {isa = PBXFileReference; fileEncoding = 4; lastKnownFileType = sourcecode.c.objc; path = MultipartMessageHeader.m; sourceTree = "<group>"; };
		376F4DB21EDAF8B300CE9B26 /* MultipartMessageHeaderField.h */ = {isa = PBXFileReference; fileEncoding = 4; lastKnownFileType = sourcecode.c.h; path = MultipartMessageHeaderField.h; sourceTree = "<group>"; };
		376F4DB31EDAF8B300CE9B26 /* MultipartMessageHeaderField.m */ = {isa = PBXFileReference; fileEncoding = 4; lastKnownFileType = sourcecode.c.objc; path = MultipartMessageHeaderField.m; sourceTree = "<group>"; };
		376F4DB51EDAF8B300CE9B26 /* HTTPAsyncFileResponse.h */ = {isa = PBXFileReference; fileEncoding = 4; lastKnownFileType = sourcecode.c.h; path = HTTPAsyncFileResponse.h; sourceTree = "<group>"; };
		376F4DB61EDAF8B300CE9B26 /* HTTPAsyncFileResponse.m */ = {isa = PBXFileReference; fileEncoding = 4; lastKnownFileType = sourcecode.c.objc; path = HTTPAsyncFileResponse.m; sourceTree = "<group>"; };
		376F4DB71EDAF8B300CE9B26 /* HTTPDataResponse.h */ = {isa = PBXFileReference; fileEncoding = 4; lastKnownFileType = sourcecode.c.h; path = HTTPDataResponse.h; sourceTree = "<group>"; };
		376F4DB81EDAF8B300CE9B26 /* HTTPDataResponse.m */ = {isa = PBXFileReference; fileEncoding = 4; lastKnownFileType = sourcecode.c.objc; path = HTTPDataResponse.m; sourceTree = "<group>"; };
		376F4DB91EDAF8B300CE9B26 /* HTTPDynamicFileResponse.h */ = {isa = PBXFileReference; fileEncoding = 4; lastKnownFileType = sourcecode.c.h; path = HTTPDynamicFileResponse.h; sourceTree = "<group>"; };
		376F4DBA1EDAF8B300CE9B26 /* HTTPDynamicFileResponse.m */ = {isa = PBXFileReference; fileEncoding = 4; lastKnownFileType = sourcecode.c.objc; path = HTTPDynamicFileResponse.m; sourceTree = "<group>"; };
		376F4DBB1EDAF8B300CE9B26 /* HTTPErrorResponse.h */ = {isa = PBXFileReference; fileEncoding = 4; lastKnownFileType = sourcecode.c.h; path = HTTPErrorResponse.h; sourceTree = "<group>"; };
		376F4DBC1EDAF8B300CE9B26 /* HTTPErrorResponse.m */ = {isa = PBXFileReference; fileEncoding = 4; lastKnownFileType = sourcecode.c.objc; path = HTTPErrorResponse.m; sourceTree = "<group>"; };
		376F4DBD1EDAF8B300CE9B26 /* HTTPFileResponse.h */ = {isa = PBXFileReference; fileEncoding = 4; lastKnownFileType = sourcecode.c.h; path = HTTPFileResponse.h; sourceTree = "<group>"; };
		376F4DBE1EDAF8B300CE9B26 /* HTTPFileResponse.m */ = {isa = PBXFileReference; fileEncoding = 4; lastKnownFileType = sourcecode.c.objc; path = HTTPFileResponse.m; sourceTree = "<group>"; };
		376F4DBF1EDAF8B300CE9B26 /* HTTPRedirectResponse.h */ = {isa = PBXFileReference; fileEncoding = 4; lastKnownFileType = sourcecode.c.h; path = HTTPRedirectResponse.h; sourceTree = "<group>"; };
		376F4DC01EDAF8B300CE9B26 /* HTTPRedirectResponse.m */ = {isa = PBXFileReference; fileEncoding = 4; lastKnownFileType = sourcecode.c.objc; path = HTTPRedirectResponse.m; sourceTree = "<group>"; };
		376F4DC11EDAF8B300CE9B26 /* WebSocket.h */ = {isa = PBXFileReference; fileEncoding = 4; lastKnownFileType = sourcecode.c.h; path = WebSocket.h; sourceTree = "<group>"; };
		376F4DC21EDAF8B300CE9B26 /* WebSocket.m */ = {isa = PBXFileReference; fileEncoding = 4; lastKnownFileType = sourcecode.c.objc; path = WebSocket.m; sourceTree = "<group>"; };
		376F4DC31EDAF8B300CE9B26 /* MyHTTPConnection.h */ = {isa = PBXFileReference; fileEncoding = 4; lastKnownFileType = sourcecode.c.h; path = MyHTTPConnection.h; sourceTree = "<group>"; };
		376F4DC41EDAF8B300CE9B26 /* MyHTTPConnection.m */ = {isa = PBXFileReference; fileEncoding = 4; lastKnownFileType = sourcecode.c.objc; path = MyHTTPConnection.m; sourceTree = "<group>"; };
		376F4DC61EDAF8B300CE9B26 /* index.html */ = {isa = PBXFileReference; fileEncoding = 4; lastKnownFileType = text.html; path = index.html; sourceTree = "<group>"; };
		376F4DC71EDAF8B300CE9B26 /* upload.html */ = {isa = PBXFileReference; fileEncoding = 4; lastKnownFileType = text.html; path = upload.html; sourceTree = "<group>"; };
		37739A5D1ED91BA8001BF4F1 /* CoreGraphics.framework */ = {isa = PBXFileReference; lastKnownFileType = wrapper.framework; name = CoreGraphics.framework; path = System/Library/Frameworks/CoreGraphics.framework; sourceTree = SDKROOT; };
		37739A5F1ED91BB4001BF4F1 /* AVFoundation.framework */ = {isa = PBXFileReference; lastKnownFileType = wrapper.framework; name = AVFoundation.framework; path = System/Library/Frameworks/AVFoundation.framework; sourceTree = SDKROOT; };
		37739A611ED91BBF001BF4F1 /* CoreMedia.framework */ = {isa = PBXFileReference; lastKnownFileType = wrapper.framework; name = CoreMedia.framework; path = System/Library/Frameworks/CoreMedia.framework; sourceTree = SDKROOT; };
		37739A631ED91BC7001BF4F1 /* CoreVideo.framework */ = {isa = PBXFileReference; lastKnownFileType = wrapper.framework; name = CoreVideo.framework; path = System/Library/Frameworks/CoreVideo.framework; sourceTree = SDKROOT; };
		37739A651ED91BD1001BF4F1 /* libbz2.tbd */ = {isa = PBXFileReference; lastKnownFileType = "sourcecode.text-based-dylib-definition"; name = libbz2.tbd; path = usr/lib/libbz2.tbd; sourceTree = SDKROOT; };
		37739A671ED91BD7001BF4F1 /* libz.tbd */ = {isa = PBXFileReference; lastKnownFileType = "sourcecode.text-based-dylib-definition"; name = libz.tbd; path = usr/lib/libz.tbd; sourceTree = SDKROOT; };
		37739A691ED91BE2001BF4F1 /* MediaPlayer.framework */ = {isa = PBXFileReference; lastKnownFileType = wrapper.framework; name = MediaPlayer.framework; path = System/Library/Frameworks/MediaPlayer.framework; sourceTree = SDKROOT; };
		37739A6B1ED91BED001BF4F1 /* MobileCoreServices.framework */ = {isa = PBXFileReference; lastKnownFileType = wrapper.framework; name = MobileCoreServices.framework; path = System/Library/Frameworks/MobileCoreServices.framework; sourceTree = SDKROOT; };
		37739A6D1ED91BF7001BF4F1 /* OpenGLES.framework */ = {isa = PBXFileReference; lastKnownFileType = wrapper.framework; name = OpenGLES.framework; path = System/Library/Frameworks/OpenGLES.framework; sourceTree = SDKROOT; };
		37739A6F1ED91C0A001BF4F1 /* QuartzCore.framework */ = {isa = PBXFileReference; lastKnownFileType = wrapper.framework; name = QuartzCore.framework; path = System/Library/Frameworks/QuartzCore.framework; sourceTree = SDKROOT; };
		37739A711ED91C0F001BF4F1 /* UIKit.framework */ = {isa = PBXFileReference; lastKnownFileType = wrapper.framework; name = UIKit.framework; path = System/Library/Frameworks/UIKit.framework; sourceTree = SDKROOT; };
		37739A731ED91C17001BF4F1 /* VideoToolbox.framework */ = {isa = PBXFileReference; lastKnownFileType = wrapper.framework; name = VideoToolbox.framework; path = System/Library/Frameworks/VideoToolbox.framework; sourceTree = SDKROOT; };
		377E95B01ED532CD0080E86D /* MyFileManage.app */ = {isa = PBXFileReference; explicitFileType = wrapper.application; includeInIndex = 0; path = MyFileManage.app; sourceTree = BUILT_PRODUCTS_DIR; };
		377E95B41ED532CD0080E86D /* main.m */ = {isa = PBXFileReference; lastKnownFileType = sourcecode.c.objc; path = main.m; sourceTree = "<group>"; };
		377E95BF1ED532CD0080E86D /* Assets.xcassets */ = {isa = PBXFileReference; lastKnownFileType = folder.assetcatalog; path = Assets.xcassets; sourceTree = "<group>"; };
		377E95C21ED532CD0080E86D /* Base */ = {isa = PBXFileReference; lastKnownFileType = file.storyboard; name = Base; path = Base.lproj/LaunchScreen.storyboard; sourceTree = "<group>"; };
		377E95C41ED532CD0080E86D /* Info.plist */ = {isa = PBXFileReference; lastKnownFileType = text.plist.xml; path = Info.plist; sourceTree = "<group>"; };
		377E95C91ED532CD0080E86D /* MyFileManageTests.xctest */ = {isa = PBXFileReference; explicitFileType = wrapper.cfbundle; includeInIndex = 0; path = MyFileManageTests.xctest; sourceTree = BUILT_PRODUCTS_DIR; };
		377E95CD1ED532CD0080E86D /* MyFileManageTests.m */ = {isa = PBXFileReference; lastKnownFileType = sourcecode.c.objc; path = MyFileManageTests.m; sourceTree = "<group>"; };
		377E95CF1ED532CD0080E86D /* Info.plist */ = {isa = PBXFileReference; lastKnownFileType = text.plist.xml; path = Info.plist; sourceTree = "<group>"; };
		377E95D41ED532CD0080E86D /* MyFileManageUITests.xctest */ = {isa = PBXFileReference; explicitFileType = wrapper.cfbundle; includeInIndex = 0; path = MyFileManageUITests.xctest; sourceTree = BUILT_PRODUCTS_DIR; };
		377E95D81ED532CD0080E86D /* MyFileManageUITests.m */ = {isa = PBXFileReference; lastKnownFileType = sourcecode.c.objc; path = MyFileManageUITests.m; sourceTree = "<group>"; };
		377E95DA1ED532CD0080E86D /* Info.plist */ = {isa = PBXFileReference; lastKnownFileType = text.plist.xml; path = Info.plist; sourceTree = "<group>"; };
		377E95E81ED533CD0080E86D /* AppDelegate.h */ = {isa = PBXFileReference; fileEncoding = 4; lastKnownFileType = sourcecode.c.h; path = AppDelegate.h; sourceTree = "<group>"; };
		377E95E91ED533CD0080E86D /* AppDelegate.m */ = {isa = PBXFileReference; fileEncoding = 4; lastKnownFileType = sourcecode.c.objc; path = AppDelegate.m; sourceTree = "<group>"; };
		377E95EB1ED533FC0080E86D /* homeViewController.h */ = {isa = PBXFileReference; fileEncoding = 4; lastKnownFileType = sourcecode.c.h; path = homeViewController.h; sourceTree = "<group>"; };
		377E95EC1ED533FC0080E86D /* homeViewController.m */ = {isa = PBXFileReference; fileEncoding = 4; lastKnownFileType = sourcecode.c.objc; path = homeViewController.m; sourceTree = "<group>"; };
		377E96E61ED53BB80080E86D /* index.html */ = {isa = PBXFileReference; fileEncoding = 4; lastKnownFileType = text.html; path = index.html; sourceTree = "<group>"; };
		377E96E71ED53BB80080E86D /* upload.html */ = {isa = PBXFileReference; fileEncoding = 4; lastKnownFileType = text.html; path = upload.html; sourceTree = "<group>"; };
		377E96EF1ED55D990080E86D /* PrefixHeader.pch */ = {isa = PBXFileReference; lastKnownFileType = sourcecode.c.h; path = PrefixHeader.pch; sourceTree = "<group>"; };
		377E96F11ED55FA70080E86D /* BaseNavgaitionController.h */ = {isa = PBXFileReference; fileEncoding = 4; lastKnownFileType = sourcecode.c.h; path = BaseNavgaitionController.h; sourceTree = "<group>"; };
		377E96F21ED55FA70080E86D /* BaseNavgaitionController.m */ = {isa = PBXFileReference; fileEncoding = 4; lastKnownFileType = sourcecode.c.objc; path = BaseNavgaitionController.m; sourceTree = "<group>"; };
		377E96F31ED55FA70080E86D /* MainViewController.h */ = {isa = PBXFileReference; fileEncoding = 4; lastKnownFileType = sourcecode.c.h; path = MainViewController.h; sourceTree = "<group>"; };
		377E96F41ED55FA70080E86D /* MainViewController.m */ = {isa = PBXFileReference; fileEncoding = 4; lastKnownFileType = sourcecode.c.objc; path = MainViewController.m; sourceTree = "<group>"; };
		377E96F81ED560530080E86D /* SettingViewController.h */ = {isa = PBXFileReference; fileEncoding = 4; lastKnownFileType = sourcecode.c.h; path = SettingViewController.h; sourceTree = "<group>"; };
		377E96F91ED560530080E86D /* SettingViewController.m */ = {isa = PBXFileReference; fileEncoding = 4; lastKnownFileType = sourcecode.c.objc; path = SettingViewController.m; sourceTree = "<group>"; };
		377E96FE1ED565F10080E86D /* setting@2x.png */ = {isa = PBXFileReference; lastKnownFileType = image.png; path = "setting@2x.png"; sourceTree = "<group>"; };
		377E97001ED567050080E86D /* home@2x.png */ = {isa = PBXFileReference; lastKnownFileType = image.png; path = "home@2x.png"; sourceTree = "<group>"; };
		377E97021ED57F210080E86D /* navLeft@2x.png */ = {isa = PBXFileReference; lastKnownFileType = image.png; path = "navLeft@2x.png"; sourceTree = "<group>"; };
		377E97031ED57F210080E86D /* navLeft@3x.png */ = {isa = PBXFileReference; lastKnownFileType = image.png; path = "navLeft@3x.png"; sourceTree = "<group>"; };
		377E97061ED5C4050080E86D /* 点击.png */ = {isa = PBXFileReference; lastKnownFileType = image.png; path = "点击.png"; sourceTree = "<group>"; };
		377E97081ED5C5C40080E86D /* ConnectWifiWebViewController.h */ = {isa = PBXFileReference; fileEncoding = 4; lastKnownFileType = sourcecode.c.h; path = ConnectWifiWebViewController.h; sourceTree = "<group>"; };
		377E97091ED5C5C40080E86D /* ConnectWifiWebViewController.m */ = {isa = PBXFileReference; fileEncoding = 4; lastKnownFileType = sourcecode.c.objc; path = ConnectWifiWebViewController.m; sourceTree = "<group>"; };
		377E970B1ED5C6AC0080E86D /* back@2x.png */ = {isa = PBXFileReference; lastKnownFileType = image.png; path = "back@2x.png"; sourceTree = "<group>"; };
		377E97151ED68D520080E86D /* tips.png */ = {isa = PBXFileReference; lastKnownFileType = image.png; path = tips.png; sourceTree = "<group>"; };
		377E97181ED69BFE0080E86D /* fileModel.h */ = {isa = PBXFileReference; fileEncoding = 4; lastKnownFileType = sourcecode.c.h; path = fileModel.h; sourceTree = "<group>"; };
		377E97191ED69BFE0080E86D /* fileModel.m */ = {isa = PBXFileReference; fileEncoding = 4; lastKnownFileType = sourcecode.c.objc; path = fileModel.m; sourceTree = "<group>"; };
		377E971B1ED6BD1F0080E86D /* openImageViewController.h */ = {isa = PBXFileReference; fileEncoding = 4; lastKnownFileType = sourcecode.c.h; path = openImageViewController.h; sourceTree = "<group>"; };
		377E971C1ED6BD1F0080E86D /* openImageViewController.m */ = {isa = PBXFileReference; fileEncoding = 4; lastKnownFileType = sourcecode.c.objc; path = openImageViewController.m; sourceTree = "<group>"; };
		37B3B28E1EE3A569001D9ECD /* ReaderTextViewController.h */ = {isa = PBXFileReference; fileEncoding = 4; lastKnownFileType = sourcecode.c.h; path = ReaderTextViewController.h; sourceTree = "<group>"; };
		37B3B28F1EE3A569001D9ECD /* ReaderTextViewController.m */ = {isa = PBXFileReference; fileEncoding = 4; lastKnownFileType = sourcecode.c.objc; path = ReaderTextViewController.m; sourceTree = "<group>"; };
		37DA25EB1ED6EFED000C607B /* playVideoViewController.h */ = {isa = PBXFileReference; fileEncoding = 4; lastKnownFileType = sourcecode.c.h; path = playVideoViewController.h; sourceTree = "<group>"; };
		37DA25EC1ED6EFED000C607B /* playVideoViewController.m */ = {isa = PBXFileReference; fileEncoding = 4; lastKnownFileType = sourcecode.c.objc; path = playVideoViewController.m; sourceTree = "<group>"; };
		37E41AC81EDAFAF60096C7BF /* cacheVideoConnect.h */ = {isa = PBXFileReference; fileEncoding = 4; lastKnownFileType = sourcecode.c.h; path = cacheVideoConnect.h; sourceTree = "<group>"; };
		37E41AC91EDAFAF60096C7BF /* cacheVideoConnect.m */ = {isa = PBXFileReference; fileEncoding = 4; lastKnownFileType = sourcecode.c.objc; path = cacheVideoConnect.m; sourceTree = "<group>"; };
		37E41ACA1EDAFAF60096C7BF /* cacheVideoSaveCache.h */ = {isa = PBXFileReference; fileEncoding = 4; lastKnownFileType = sourcecode.c.h; path = cacheVideoSaveCache.h; sourceTree = "<group>"; };
		37E41ACB1EDAFAF60096C7BF /* cacheVideoSaveCache.m */ = {isa = PBXFileReference; fileEncoding = 4; lastKnownFileType = sourcecode.c.objc; path = cacheVideoSaveCache.m; sourceTree = "<group>"; };
		37E41ACE1EDAFAF60096C7BF /* playView+playControl.h */ = {isa = PBXFileReference; fileEncoding = 4; lastKnownFileType = sourcecode.c.h; path = "playView+playControl.h"; sourceTree = "<group>"; };
		37E41ACF1EDAFAF60096C7BF /* playView+playControl.m */ = {isa = PBXFileReference; fileEncoding = 4; lastKnownFileType = sourcecode.c.objc; path = "playView+playControl.m"; sourceTree = "<group>"; };
		37E41AD01EDAFAF60096C7BF /* playView+playInfoShow.h */ = {isa = PBXFileReference; fileEncoding = 4; lastKnownFileType = sourcecode.c.h; path = "playView+playInfoShow.h"; sourceTree = "<group>"; };
		37E41AD11EDAFAF60096C7BF /* playView+playInfoShow.m */ = {isa = PBXFileReference; fileEncoding = 4; lastKnownFileType = sourcecode.c.objc; path = "playView+playInfoShow.m"; sourceTree = "<group>"; };
		37E41AD21EDAFAF60096C7BF /* playView+showHMSecond.h */ = {isa = PBXFileReference; fileEncoding = 4; lastKnownFileType = sourcecode.c.h; path = "playView+showHMSecond.h"; sourceTree = "<group>"; };
		37E41AD31EDAFAF60096C7BF /* playView+showHMSecond.m */ = {isa = PBXFileReference; fileEncoding = 4; lastKnownFileType = sourcecode.c.objc; path = "playView+showHMSecond.m"; sourceTree = "<group>"; };
		37E41AD41EDAFAF60096C7BF /* playView+slidePlayControl.h */ = {isa = PBXFileReference; fileEncoding = 4; lastKnownFileType = sourcecode.c.h; path = "playView+slidePlayControl.h"; sourceTree = "<group>"; };
		37E41AD51EDAFAF60096C7BF /* playView+slidePlayControl.m */ = {isa = PBXFileReference; fileEncoding = 4; lastKnownFileType = sourcecode.c.objc; path = "playView+slidePlayControl.m"; sourceTree = "<group>"; };
		37E41AD71EDAFAF60096C7BF /* playView.h */ = {isa = PBXFileReference; fileEncoding = 4; lastKnownFileType = sourcecode.c.h; path = playView.h; sourceTree = "<group>"; };
		37E41AD81EDAFAF60096C7BF /* playView.m */ = {isa = PBXFileReference; fileEncoding = 4; lastKnownFileType = sourcecode.c.objc; path = playView.m; sourceTree = "<group>"; };
		37E41AD91EDAFAF60096C7BF /* progressSlideView.h */ = {isa = PBXFileReference; fileEncoding = 4; lastKnownFileType = sourcecode.c.h; path = progressSlideView.h; sourceTree = "<group>"; };
		37E41ADA1EDAFAF60096C7BF /* progressSlideView.m */ = {isa = PBXFileReference; fileEncoding = 4; lastKnownFileType = sourcecode.c.objc; path = progressSlideView.m; sourceTree = "<group>"; };
		37E41ADB1EDAFAF60096C7BF /* progressView.h */ = {isa = PBXFileReference; fileEncoding = 4; lastKnownFileType = sourcecode.c.h; path = progressView.h; sourceTree = "<group>"; };
		37E41ADC1EDAFAF60096C7BF /* progressView.m */ = {isa = PBXFileReference; fileEncoding = 4; lastKnownFileType = sourcecode.c.objc; path = progressView.m; sourceTree = "<group>"; };
		3BA99DAA997A6074B4A31BC4 /* libPods-MyFileManage.a */ = {isa = PBXFileReference; explicitFileType = archive.ar; includeInIndex = 0; path = "libPods-MyFileManage.a"; sourceTree = BUILT_PRODUCTS_DIR; };
		4BE11BA20A57DA626274A2BD /* Pods-MyFileManage.debug.xcconfig */ = {isa = PBXFileReference; includeInIndex = 1; lastKnownFileType = text.xcconfig; name = "Pods-MyFileManage.debug.xcconfig"; path = "Pods/Target Support Files/Pods-MyFileManage/Pods-MyFileManage.debug.xcconfig"; sourceTree = "<group>"; };
		E03FDBB762C016C433F89C26 /* Pods-MyFileManage.release.xcconfig */ = {isa = PBXFileReference; includeInIndex = 1; lastKnownFileType = text.xcconfig; name = "Pods-MyFileManage.release.xcconfig"; path = "Pods/Target Support Files/Pods-MyFileManage/Pods-MyFileManage.release.xcconfig"; sourceTree = "<group>"; };
/* End PBXFileReference section */

/* Begin PBXFrameworksBuildPhase section */
		377E95AD1ED532CD0080E86D /* Frameworks */ = {
			isa = PBXFrameworksBuildPhase;
			buildActionMask = 2147483647;
			files = (
				37CB42A41EE63A9D004D1BAC /* QuartzCore.framework in Frameworks */,
				376F4D771EDAED5F00CE9B26 /* AVFoundation.framework in Frameworks */,
				37739A721ED91C0F001BF4F1 /* UIKit.framework in Frameworks */,
				6A1E0D4DC004B85D749A009D /* libPods-MyFileManage.a in Frameworks */,
			);
			runOnlyForDeploymentPostprocessing = 0;
		};
		377E95C61ED532CD0080E86D /* Frameworks */ = {
			isa = PBXFrameworksBuildPhase;
			buildActionMask = 2147483647;
			files = (
			);
			runOnlyForDeploymentPostprocessing = 0;
		};
		377E95D11ED532CD0080E86D /* Frameworks */ = {
			isa = PBXFrameworksBuildPhase;
			buildActionMask = 2147483647;
			files = (
			);
			runOnlyForDeploymentPostprocessing = 0;
		};
/* End PBXFrameworksBuildPhase section */

/* Begin PBXGroup section */
		371597A21EDF9AB500B482AB /* Folder */ = {
			isa = PBXGroup;
			children = (
				371597A31EDF9AE700B482AB /* File.h */,
				371597A41EDF9AE700B482AB /* File.m */,
			);
			path = Folder;
			sourceTree = "<group>";
		};
		371597A91EDFB1A500B482AB /* Utility */ = {
			isa = PBXGroup;
			children = (
				371597AA1EDFB1A500B482AB /* Device.h */,
				371597AB1EDFB1A500B482AB /* Device.m */,
			);
			path = Utility;
			sourceTree = "<group>";
		};
		371597F21EE0F46A00B482AB /* PDFView */ = {
			isa = PBXGroup;
			children = (
			);
			name = PDFView;
			path = ../PDFView;
			sourceTree = "<group>";
		};
		371597F31EE0F92800B482AB /* PDFModel */ = {
			isa = PBXGroup;
			children = (
				371597F21EE0F46A00B482AB /* PDFView */,
				371597F51EE0F99900B482AB /* PDFDocument.h */,
				371597F61EE0F99900B482AB /* PDFDocument.m */,
				371597F71EE0F99900B482AB /* PDFPage.h */,
				371597F81EE0F99900B482AB /* PDFPage.m */,
			);
			path = PDFModel;
			sourceTree = "<group>";
		};
		371597F41EE0F93900B482AB /* PDFController */ = {
			isa = PBXGroup;
			children = (
				371597FB1EE0F9E000B482AB /* PDFPageViewController.h */,
				371597FC1EE0F9E000B482AB /* PDFPageViewController.m */,
			);
			path = PDFController;
			sourceTree = "<group>";
		};
		372B6A831EDE5FE300C4E979 /* PDFReader */ = {
			isa = PBXGroup;
			children = (
				371597F41EE0F93900B482AB /* PDFController */,
				371597F31EE0F92800B482AB /* PDFModel */,
				371597A21EDF9AB500B482AB /* Folder */,
			);
			path = PDFReader;
			sourceTree = "<group>";
		};
		372FD4731EF02955001A7868 /* TXTReader */ = {
			isa = PBXGroup;
			children = (
				372FD5A11EF29C17001A7868 /* TXTReadTool */,
				372FD58C1EF17C3E001A7868 /* View */,
				372FD58D1EF17C3E001A7868 /* Controller */,
				372FD58E1EF17C3E001A7868 /* Model */,
			);
			path = TXTReader;
			sourceTree = "<group>";
		};
		372FD58C1EF17C3E001A7868 /* View */ = {
			isa = PBXGroup;
			children = (
				372FD58F1EF17C70001A7868 /* ReadTXTView.h */,
				372FD5901EF17C70001A7868 /* ReadTXTView.m */,
				372F7D871EF7AB17001D74EB /* ReadTXTMagnifierView.h */,
				372F7D881EF7AB17001D74EB /* ReadTXTMagnifierView.m */,
			);
			path = View;
			sourceTree = "<group>";
		};
		372FD58D1EF17C3E001A7868 /* Controller */ = {
			isa = PBXGroup;
			children = (
				372FD5951EF184FF001A7868 /* ReadTXTPageViewController.h */,
				372FD5961EF184FF001A7868 /* ReadTXTPageViewController.m */,
			);
			path = Controller;
			sourceTree = "<group>";
		};
		372FD58E1EF17C3E001A7868 /* Model */ = {
			isa = PBXGroup;
			children = (
				372FD59E1EF29AAF001A7868 /* ReadChapterModel.m */,
				372FD59F1EF29AAF001A7868 /* ReadChapterModel.h */,
				372FD5921EF17CA7001A7868 /* ReadTXTModel.h */,
				372FD5931EF17CA7001A7868 /* ReadTXTModel.m */,
			);
			path = Model;
			sourceTree = "<group>";
		};
		372FD5A11EF29C17001A7868 /* TXTReadTool */ = {
			isa = PBXGroup;
			children = (
				372FD5A21EF29C43001A7868 /* TXTReaderParse.h */,
				372FD5A31EF29C43001A7868 /* TXTReaderParse.m */,
				372A98C91EF6276600954DEA /* TXTReaderConfigue.h */,
				372A98CA1EF6276600954DEA /* TXTReaderConfigue.m */,
			);
			path = TXTReadTool;
			sourceTree = "<group>";
		};
		372FD5A51EF2D2F9001A7868 /* MBProgressHUD */ = {
			isa = PBXGroup;
			children = (
				372FD5A61EF2D2F9001A7868 /* MBProgressHUD+NJ.h */,
				372FD5A71EF2D2F9001A7868 /* MBProgressHUD+NJ.m */,
				372FD5A81EF2D2F9001A7868 /* MBProgressHUD.bundle */,
				372FD5A91EF2D2F9001A7868 /* MBProgressHUD.h */,
				372FD5AA1EF2D2F9001A7868 /* MBProgressHUD.m */,
			);
			path = MBProgressHUD;
			sourceTree = "<group>";
		};
		376F4D841EDAF8B300CE9B26 /* cocoaHttpServer */ = {
			isa = PBXGroup;
			children = (
				376F4D851EDAF8B300CE9B26 /* CocoaAsyncSocket */,
				376F4D891EDAF8B300CE9B26 /* CocoaLumberjack */,
				376F4D9B1EDAF8B300CE9B26 /* Core */,
				376F4DC31EDAF8B300CE9B26 /* MyHTTPConnection.h */,
				376F4DC41EDAF8B300CE9B26 /* MyHTTPConnection.m */,
				376F4DC51EDAF8B300CE9B26 /* web */,
			);
			path = cocoaHttpServer;
			sourceTree = "<group>";
		};
		376F4D851EDAF8B300CE9B26 /* CocoaAsyncSocket */ = {
			isa = PBXGroup;
			children = (
				376F4D861EDAF8B300CE9B26 /* About.txt */,
				376F4D871EDAF8B300CE9B26 /* GCDAsyncSocket.h */,
				376F4D881EDAF8B300CE9B26 /* GCDAsyncSocket.m */,
			);
			path = CocoaAsyncSocket;
			sourceTree = "<group>";
		};
		376F4D891EDAF8B300CE9B26 /* CocoaLumberjack */ = {
			isa = PBXGroup;
			children = (
				376F4D8A1EDAF8B300CE9B26 /* About.txt */,
				376F4D8B1EDAF8B300CE9B26 /* DDAbstractDatabaseLogger.h */,
				376F4D8C1EDAF8B300CE9B26 /* DDAbstractDatabaseLogger.m */,
				376F4D8D1EDAF8B300CE9B26 /* DDASLLogger.h */,
				376F4D8E1EDAF8B300CE9B26 /* DDASLLogger.m */,
				376F4D8F1EDAF8B300CE9B26 /* DDFileLogger.h */,
				376F4D901EDAF8B300CE9B26 /* DDFileLogger.m */,
				376F4D911EDAF8B300CE9B26 /* DDLog.h */,
				376F4D921EDAF8B300CE9B26 /* DDLog.m */,
				376F4D931EDAF8B300CE9B26 /* DDTTYLogger.h */,
				376F4D941EDAF8B300CE9B26 /* DDTTYLogger.m */,
				376F4D951EDAF8B300CE9B26 /* Extensions */,
			);
			path = CocoaLumberjack;
			sourceTree = "<group>";
		};
		376F4D951EDAF8B300CE9B26 /* Extensions */ = {
			isa = PBXGroup;
			children = (
				376F4D961EDAF8B300CE9B26 /* ContextFilterLogFormatter.h */,
				376F4D971EDAF8B300CE9B26 /* ContextFilterLogFormatter.m */,
				376F4D981EDAF8B300CE9B26 /* DispatchQueueLogFormatter.h */,
				376F4D991EDAF8B300CE9B26 /* DispatchQueueLogFormatter.m */,
				376F4D9A1EDAF8B300CE9B26 /* README.txt */,
			);
			path = Extensions;
			sourceTree = "<group>";
		};
		376F4D9B1EDAF8B300CE9B26 /* Core */ = {
			isa = PBXGroup;
			children = (
				376F4D9C1EDAF8B300CE9B26 /* Categories */,
				376F4DA31EDAF8B300CE9B26 /* HTTPAuthenticationRequest.h */,
				376F4DA41EDAF8B300CE9B26 /* HTTPAuthenticationRequest.m */,
				376F4DA51EDAF8B300CE9B26 /* HTTPConnection.h */,
				376F4DA61EDAF8B300CE9B26 /* HTTPConnection.m */,
				376F4DA71EDAF8B300CE9B26 /* HTTPLogging.h */,
				376F4DA81EDAF8B300CE9B26 /* HTTPMessage.h */,
				376F4DA91EDAF8B300CE9B26 /* HTTPMessage.m */,
				376F4DAA1EDAF8B300CE9B26 /* HTTPResponse.h */,
				376F4DAB1EDAF8B300CE9B26 /* HTTPServer.h */,
				376F4DAC1EDAF8B300CE9B26 /* HTTPServer.m */,
				376F4DAD1EDAF8B300CE9B26 /* Mime */,
				376F4DB41EDAF8B300CE9B26 /* Responses */,
				376F4DC11EDAF8B300CE9B26 /* WebSocket.h */,
				376F4DC21EDAF8B300CE9B26 /* WebSocket.m */,
			);
			path = Core;
			sourceTree = "<group>";
		};
		376F4D9C1EDAF8B300CE9B26 /* Categories */ = {
			isa = PBXGroup;
			children = (
				376F4D9D1EDAF8B300CE9B26 /* DDData.h */,
				376F4D9E1EDAF8B300CE9B26 /* DDData.m */,
				376F4D9F1EDAF8B300CE9B26 /* DDNumber.h */,
				376F4DA01EDAF8B300CE9B26 /* DDNumber.m */,
				376F4DA11EDAF8B300CE9B26 /* DDRange.h */,
				376F4DA21EDAF8B300CE9B26 /* DDRange.m */,
			);
			path = Categories;
			sourceTree = "<group>";
		};
		376F4DAD1EDAF8B300CE9B26 /* Mime */ = {
			isa = PBXGroup;
			children = (
				376F4DAE1EDAF8B300CE9B26 /* MultipartFormDataParser.h */,
				376F4DAF1EDAF8B300CE9B26 /* MultipartFormDataParser.m */,
				376F4DB01EDAF8B300CE9B26 /* MultipartMessageHeader.h */,
				376F4DB11EDAF8B300CE9B26 /* MultipartMessageHeader.m */,
				376F4DB21EDAF8B300CE9B26 /* MultipartMessageHeaderField.h */,
				376F4DB31EDAF8B300CE9B26 /* MultipartMessageHeaderField.m */,
			);
			path = Mime;
			sourceTree = "<group>";
		};
		376F4DB41EDAF8B300CE9B26 /* Responses */ = {
			isa = PBXGroup;
			children = (
				376F4DB51EDAF8B300CE9B26 /* HTTPAsyncFileResponse.h */,
				376F4DB61EDAF8B300CE9B26 /* HTTPAsyncFileResponse.m */,
				376F4DB71EDAF8B300CE9B26 /* HTTPDataResponse.h */,
				376F4DB81EDAF8B300CE9B26 /* HTTPDataResponse.m */,
				376F4DB91EDAF8B300CE9B26 /* HTTPDynamicFileResponse.h */,
				376F4DBA1EDAF8B300CE9B26 /* HTTPDynamicFileResponse.m */,
				376F4DBB1EDAF8B300CE9B26 /* HTTPErrorResponse.h */,
				376F4DBC1EDAF8B300CE9B26 /* HTTPErrorResponse.m */,
				376F4DBD1EDAF8B300CE9B26 /* HTTPFileResponse.h */,
				376F4DBE1EDAF8B300CE9B26 /* HTTPFileResponse.m */,
				376F4DBF1EDAF8B300CE9B26 /* HTTPRedirectResponse.h */,
				376F4DC01EDAF8B300CE9B26 /* HTTPRedirectResponse.m */,
			);
			path = Responses;
			sourceTree = "<group>";
		};
		376F4DC51EDAF8B300CE9B26 /* web */ = {
			isa = PBXGroup;
			children = (
				376F4DC61EDAF8B300CE9B26 /* index.html */,
				376F4DC71EDAF8B300CE9B26 /* upload.html */,
			);
			path = web;
			sourceTree = "<group>";
		};
		37739A5A1ED91B9F001BF4F1 /* Frameworks */ = {
			isa = PBXGroup;
			children = (
				376F4D821EDAEEE100CE9B26 /* libstdc++.tbd */,
				37739A731ED91C17001BF4F1 /* VideoToolbox.framework */,
				37739A711ED91C0F001BF4F1 /* UIKit.framework */,
				37739A6F1ED91C0A001BF4F1 /* QuartzCore.framework */,
				37739A6D1ED91BF7001BF4F1 /* OpenGLES.framework */,
				37739A6B1ED91BED001BF4F1 /* MobileCoreServices.framework */,
				37739A691ED91BE2001BF4F1 /* MediaPlayer.framework */,
				37739A671ED91BD7001BF4F1 /* libz.tbd */,
				37739A651ED91BD1001BF4F1 /* libbz2.tbd */,
				37739A631ED91BC7001BF4F1 /* CoreVideo.framework */,
				37739A611ED91BBF001BF4F1 /* CoreMedia.framework */,
				37739A5F1ED91BB4001BF4F1 /* AVFoundation.framework */,
				37739A5D1ED91BA8001BF4F1 /* CoreGraphics.framework */,
				3BA99DAA997A6074B4A31BC4 /* libPods-MyFileManage.a */,
			);
			name = Frameworks;
			sourceTree = "<group>";
		};
		377E95A71ED532CD0080E86D = {
			isa = PBXGroup;
			children = (
				377E95B21ED532CD0080E86D /* MyFileManage */,
				377E95CC1ED532CD0080E86D /* MyFileManageTests */,
				377E95D71ED532CD0080E86D /* MyFileManageUITests */,
				377E95B11ED532CD0080E86D /* Products */,
				37739A5A1ED91B9F001BF4F1 /* Frameworks */,
				9FE7D7A07000F49AA295B00E /* Pods */,
			);
			sourceTree = "<group>";
		};
		377E95B11ED532CD0080E86D /* Products */ = {
			isa = PBXGroup;
			children = (
				377E95B01ED532CD0080E86D /* MyFileManage.app */,
				377E95C91ED532CD0080E86D /* MyFileManageTests.xctest */,
				377E95D41ED532CD0080E86D /* MyFileManageUITests.xctest */,
			);
			name = Products;
			sourceTree = "<group>";
		};
		377E95B21ED532CD0080E86D /* MyFileManage */ = {
			isa = PBXGroup;
			children = (
				377E95E71ED533CD0080E86D /* AppDelegate */,
				377E95E61ED5339F0080E86D /* Home */,
				377E96F71ED560260080E86D /* Setting */,
				377E95EE1ED5367B0080E86D /* Tool */,
				377E96F01ED55F460080E86D /* BaseToolAndCategory */,
				377E96FB1ED565B00080E86D /* Resource */,
				377E95C11ED532CD0080E86D /* LaunchScreen.storyboard */,
				377E95C41ED532CD0080E86D /* Info.plist */,
				377E95BF1ED532CD0080E86D /* Assets.xcassets */,
				371597A91EDFB1A500B482AB /* Utility */,
				377E95B31ED532CD0080E86D /* Supporting Files */,
			);
			path = MyFileManage;
			sourceTree = "<group>";
		};
		377E95B31ED532CD0080E86D /* Supporting Files */ = {
			isa = PBXGroup;
			children = (
				377E95B41ED532CD0080E86D /* main.m */,
				377E96EF1ED55D990080E86D /* PrefixHeader.pch */,
			);
			name = "Supporting Files";
			sourceTree = "<group>";
		};
		377E95CC1ED532CD0080E86D /* MyFileManageTests */ = {
			isa = PBXGroup;
			children = (
				377E95CD1ED532CD0080E86D /* MyFileManageTests.m */,
				377E95CF1ED532CD0080E86D /* Info.plist */,
			);
			path = MyFileManageTests;
			sourceTree = "<group>";
		};
		377E95D71ED532CD0080E86D /* MyFileManageUITests */ = {
			isa = PBXGroup;
			children = (
				377E96E51ED53BB80080E86D /* web */,
				377E95D81ED532CD0080E86D /* MyFileManageUITests.m */,
				377E95DA1ED532CD0080E86D /* Info.plist */,
			);
			path = MyFileManageUITests;
			sourceTree = "<group>";
		};
		377E95E61ED5339F0080E86D /* Home */ = {
			isa = PBXGroup;
			children = (
				377E97171ED69B980080E86D /* Model */,
				377E95EB1ED533FC0080E86D /* homeViewController.h */,
				377E95EC1ED533FC0080E86D /* homeViewController.m */,
				377E971C1ED6BD1F0080E86D /* openImageViewController.m */,
				377E971B1ED6BD1F0080E86D /* openImageViewController.h */,
				37DA25EB1ED6EFED000C607B /* playVideoViewController.h */,
				37DA25EC1ED6EFED000C607B /* playVideoViewController.m */,
				372B6A801EDE5F9E00C4E979 /* ReaderPDFViewController.h */,
				372B6A811EDE5F9E00C4E979 /* ReaderPDFViewController.m */,
				37B3B28E1EE3A569001D9ECD /* ReaderTextViewController.h */,
				37B3B28F1EE3A569001D9ECD /* ReaderTextViewController.m */,
				377E97081ED5C5C40080E86D /* ConnectWifiWebViewController.h */,
				377E97091ED5C5C40080E86D /* ConnectWifiWebViewController.m */,
			);
			path = Home;
			sourceTree = "<group>";
		};
		377E95E71ED533CD0080E86D /* AppDelegate */ = {
			isa = PBXGroup;
			children = (
				377E95E81ED533CD0080E86D /* AppDelegate.h */,
				377E95E91ED533CD0080E86D /* AppDelegate.m */,
			);
			path = AppDelegate;
			sourceTree = "<group>";
		};
		377E95EE1ED5367B0080E86D /* Tool */ = {
			isa = PBXGroup;
			children = (
				374AB5B11ED7D088004CFD0B /* DataBaseTool.h */,
				374AB5B21ED7D088004CFD0B /* DataBaseTool.m */,
				374AB5B31ED7D088004CFD0B /* UIView+Extension.h */,
				374AB5B41ED7D088004CFD0B /* UIView+Extension.m */,
				374AB5B51ED7D088004CFD0B /* ZoomImageView.m */,
				374AB5B61ED7D088004CFD0B /* ZoomImageView.h */,
				372FD5A51EF2D2F9001A7868 /* MBProgressHUD */,
				372FD4731EF02955001A7868 /* TXTReader */,
				372B6A831EDE5FE300C4E979 /* PDFReader */,
				37E41AC61EDAFAF60096C7BF /* Player */,
				376F4D841EDAF8B300CE9B26 /* cocoaHttpServer */,
			);
			path = Tool;
			sourceTree = "<group>";
		};
		377E96E51ED53BB80080E86D /* web */ = {
			isa = PBXGroup;
			children = (
				377E96E61ED53BB80080E86D /* index.html */,
				377E96E71ED53BB80080E86D /* upload.html */,
			);
			path = web;
			sourceTree = "<group>";
		};
		377E96F01ED55F460080E86D /* BaseToolAndCategory */ = {
			isa = PBXGroup;
			children = (
				377E96F11ED55FA70080E86D /* BaseNavgaitionController.h */,
				377E96F21ED55FA70080E86D /* BaseNavgaitionController.m */,
				377E96F31ED55FA70080E86D /* MainViewController.h */,
				377E96F41ED55FA70080E86D /* MainViewController.m */,
			);
			path = BaseToolAndCategory;
			sourceTree = "<group>";
		};
		377E96F71ED560260080E86D /* Setting */ = {
			isa = PBXGroup;
			children = (
				377E96F81ED560530080E86D /* SettingViewController.h */,
				377E96F91ED560530080E86D /* SettingViewController.m */,
			);
			path = Setting;
			sourceTree = "<group>";
		};
		377E96FB1ED565B00080E86D /* Resource */ = {
			isa = PBXGroup;
			children = (
				377E97151ED68D520080E86D /* tips.png */,
				377E970B1ED5C6AC0080E86D /* back@2x.png */,
				377E97061ED5C4050080E86D /* 点击.png */,
				377E97021ED57F210080E86D /* navLeft@2x.png */,
				377E97031ED57F210080E86D /* navLeft@3x.png */,
				377E96FE1ED565F10080E86D /* setting@2x.png */,
				377E97001ED567050080E86D /* home@2x.png */,
			);
			path = Resource;
			sourceTree = "<group>";
		};
		377E97171ED69B980080E86D /* Model */ = {
			isa = PBXGroup;
			children = (
				377E97181ED69BFE0080E86D /* fileModel.h */,
				377E97191ED69BFE0080E86D /* fileModel.m */,
			);
			path = Model;
			sourceTree = "<group>";
		};
		37E41AC61EDAFAF60096C7BF /* Player */ = {
			isa = PBXGroup;
			children = (
				37E41AC71EDAFAF60096C7BF /* CacheVideo */,
				37E41ACC1EDAFAF60096C7BF /* customAVPlaying */,
			);
			path = Player;
			sourceTree = "<group>";
		};
		37E41AC71EDAFAF60096C7BF /* CacheVideo */ = {
			isa = PBXGroup;
			children = (
				37E41AC81EDAFAF60096C7BF /* cacheVideoConnect.h */,
				37E41AC91EDAFAF60096C7BF /* cacheVideoConnect.m */,
				37E41ACA1EDAFAF60096C7BF /* cacheVideoSaveCache.h */,
				37E41ACB1EDAFAF60096C7BF /* cacheVideoSaveCache.m */,
			);
			path = CacheVideo;
			sourceTree = "<group>";
		};
		37E41ACC1EDAFAF60096C7BF /* customAVPlaying */ = {
			isa = PBXGroup;
			children = (
				37E41ACD1EDAFAF60096C7BF /* categorys */,
				37E41AD61EDAFAF60096C7BF /* playView */,
			);
			path = customAVPlaying;
			sourceTree = "<group>";
		};
		37E41ACD1EDAFAF60096C7BF /* categorys */ = {
			isa = PBXGroup;
			children = (
				37E41ACE1EDAFAF60096C7BF /* playView+playControl.h */,
				37E41ACF1EDAFAF60096C7BF /* playView+playControl.m */,
				37E41AD01EDAFAF60096C7BF /* playView+playInfoShow.h */,
				37E41AD11EDAFAF60096C7BF /* playView+playInfoShow.m */,
				37E41AD21EDAFAF60096C7BF /* playView+showHMSecond.h */,
				37E41AD31EDAFAF60096C7BF /* playView+showHMSecond.m */,
				37E41AD41EDAFAF60096C7BF /* playView+slidePlayControl.h */,
				37E41AD51EDAFAF60096C7BF /* playView+slidePlayControl.m */,
			);
			path = categorys;
			sourceTree = "<group>";
		};
		37E41AD61EDAFAF60096C7BF /* playView */ = {
			isa = PBXGroup;
			children = (
				37E41AD71EDAFAF60096C7BF /* playView.h */,
				37E41AD81EDAFAF60096C7BF /* playView.m */,
				37E41AD91EDAFAF60096C7BF /* progressSlideView.h */,
				37E41ADA1EDAFAF60096C7BF /* progressSlideView.m */,
				37E41ADB1EDAFAF60096C7BF /* progressView.h */,
				37E41ADC1EDAFAF60096C7BF /* progressView.m */,
			);
			path = playView;
			sourceTree = "<group>";
		};
		9FE7D7A07000F49AA295B00E /* Pods */ = {
			isa = PBXGroup;
			children = (
				4BE11BA20A57DA626274A2BD /* Pods-MyFileManage.debug.xcconfig */,
				E03FDBB762C016C433F89C26 /* Pods-MyFileManage.release.xcconfig */,
			);
			name = Pods;
			sourceTree = "<group>";
		};
/* End PBXGroup section */

/* Begin PBXNativeTarget section */
		377E95AF1ED532CD0080E86D /* MyFileManage */ = {
			isa = PBXNativeTarget;
			buildConfigurationList = 377E95DD1ED532CD0080E86D /* Build configuration list for PBXNativeTarget "MyFileManage" */;
			buildPhases = (
				C31674FDB11CC82ED0F3EE2A /* [CP] Check Pods Manifest.lock */,
				377E95AC1ED532CD0080E86D /* Sources */,
				377E95AD1ED532CD0080E86D /* Frameworks */,
				377E95AE1ED532CD0080E86D /* Resources */,
				0EC76E215CB98ED2AC2F9C6A /* [CP] Embed Pods Frameworks */,
				4D7F2DFC19908C00733F52AB /* [CP] Copy Pods Resources */,
			);
			buildRules = (
			);
			dependencies = (
			);
			name = MyFileManage;
			productName = MyFileManage;
			productReference = 377E95B01ED532CD0080E86D /* MyFileManage.app */;
			productType = "com.apple.product-type.application";
		};
		377E95C81ED532CD0080E86D /* MyFileManageTests */ = {
			isa = PBXNativeTarget;
			buildConfigurationList = 377E95E01ED532CD0080E86D /* Build configuration list for PBXNativeTarget "MyFileManageTests" */;
			buildPhases = (
				377E95C51ED532CD0080E86D /* Sources */,
				377E95C61ED532CD0080E86D /* Frameworks */,
				377E95C71ED532CD0080E86D /* Resources */,
			);
			buildRules = (
			);
			dependencies = (
				377E95CB1ED532CD0080E86D /* PBXTargetDependency */,
			);
			name = MyFileManageTests;
			productName = MyFileManageTests;
			productReference = 377E95C91ED532CD0080E86D /* MyFileManageTests.xctest */;
			productType = "com.apple.product-type.bundle.unit-test";
		};
		377E95D31ED532CD0080E86D /* MyFileManageUITests */ = {
			isa = PBXNativeTarget;
			buildConfigurationList = 377E95E31ED532CD0080E86D /* Build configuration list for PBXNativeTarget "MyFileManageUITests" */;
			buildPhases = (
				377E95D01ED532CD0080E86D /* Sources */,
				377E95D11ED532CD0080E86D /* Frameworks */,
				377E95D21ED532CD0080E86D /* Resources */,
			);
			buildRules = (
			);
			dependencies = (
				377E95D61ED532CD0080E86D /* PBXTargetDependency */,
			);
			name = MyFileManageUITests;
			productName = MyFileManageUITests;
			productReference = 377E95D41ED532CD0080E86D /* MyFileManageUITests.xctest */;
			productType = "com.apple.product-type.bundle.ui-testing";
		};
/* End PBXNativeTarget section */

/* Begin PBXProject section */
		377E95A81ED532CD0080E86D /* Project object */ = {
			isa = PBXProject;
			attributes = {
				LastUpgradeCheck = 0830;
				ORGANIZATIONNAME = wangchao;
				TargetAttributes = {
					377E95AF1ED532CD0080E86D = {
						CreatedOnToolsVersion = 8.3.2;
						DevelopmentTeam = 29F87GM9ZX;
						ProvisioningStyle = Automatic;
					};
					377E95C81ED532CD0080E86D = {
						CreatedOnToolsVersion = 8.3.2;
						DevelopmentTeam = 29F87GM9ZX;
						ProvisioningStyle = Automatic;
						TestTargetID = 377E95AF1ED532CD0080E86D;
					};
					377E95D31ED532CD0080E86D = {
						CreatedOnToolsVersion = 8.3.2;
						DevelopmentTeam = 29F87GM9ZX;
						ProvisioningStyle = Automatic;
						TestTargetID = 377E95AF1ED532CD0080E86D;
					};
				};
			};
			buildConfigurationList = 377E95AB1ED532CD0080E86D /* Build configuration list for PBXProject "MyFileManage" */;
			compatibilityVersion = "Xcode 3.2";
			developmentRegion = English;
			hasScannedForEncodings = 0;
			knownRegions = (
				en,
				Base,
			);
			mainGroup = 377E95A71ED532CD0080E86D;
			productRefGroup = 377E95B11ED532CD0080E86D /* Products */;
			projectDirPath = "";
			projectRoot = "";
			targets = (
				377E95AF1ED532CD0080E86D /* MyFileManage */,
				377E95C81ED532CD0080E86D /* MyFileManageTests */,
				377E95D31ED532CD0080E86D /* MyFileManageUITests */,
			);
		};
/* End PBXProject section */

/* Begin PBXResourcesBuildPhase section */
		377E95AE1ED532CD0080E86D /* Resources */ = {
			isa = PBXResourcesBuildPhase;
			buildActionMask = 2147483647;
			files = (
				377E97041ED57F210080E86D /* navLeft@2x.png in Resources */,
				377E97051ED57F210080E86D /* navLeft@3x.png in Resources */,
				372FD5AC1EF2D2F9001A7868 /* MBProgressHUD.bundle in Resources */,
				376F4DD21EDAF8B300CE9B26 /* README.txt in Resources */,
				377E95C31ED532CD0080E86D /* LaunchScreen.storyboard in Resources */,
				377E97071ED5C4050080E86D /* 点击.png in Resources */,
				376F4DE61EDAF8B300CE9B26 /* upload.html in Resources */,
				376F4DC81EDAF8B300CE9B26 /* About.txt in Resources */,
				376F4DE51EDAF8B300CE9B26 /* index.html in Resources */,
				376F4DCA1EDAF8B300CE9B26 /* About.txt in Resources */,
				377E970C1ED5C6AC0080E86D /* back@2x.png in Resources */,
				377E97161ED68D530080E86D /* tips.png in Resources */,
				377E95C01ED532CD0080E86D /* Assets.xcassets in Resources */,
				377E96FF1ED565F10080E86D /* setting@2x.png in Resources */,
				377E97011ED567050080E86D /* home@2x.png in Resources */,
			);
			runOnlyForDeploymentPostprocessing = 0;
		};
		377E95C71ED532CD0080E86D /* Resources */ = {
			isa = PBXResourcesBuildPhase;
			buildActionMask = 2147483647;
			files = (
			);
			runOnlyForDeploymentPostprocessing = 0;
		};
		377E95D21ED532CD0080E86D /* Resources */ = {
			isa = PBXResourcesBuildPhase;
			buildActionMask = 2147483647;
			files = (
				377E96E81ED53BB80080E86D /* index.html in Resources */,
				377E96E91ED53BB80080E86D /* upload.html in Resources */,
			);
			runOnlyForDeploymentPostprocessing = 0;
		};
/* End PBXResourcesBuildPhase section */

/* Begin PBXShellScriptBuildPhase section */
		0EC76E215CB98ED2AC2F9C6A /* [CP] Embed Pods Frameworks */ = {
			isa = PBXShellScriptBuildPhase;
			buildActionMask = 2147483647;
			files = (
			);
			inputPaths = (
			);
			name = "[CP] Embed Pods Frameworks";
			outputPaths = (
			);
			runOnlyForDeploymentPostprocessing = 0;
			shellPath = /bin/sh;
			shellScript = "\"${SRCROOT}/Pods/Target Support Files/Pods-MyFileManage/Pods-MyFileManage-frameworks.sh\"\n";
			showEnvVarsInLog = 0;
		};
		4D7F2DFC19908C00733F52AB /* [CP] Copy Pods Resources */ = {
			isa = PBXShellScriptBuildPhase;
			buildActionMask = 2147483647;
			files = (
			);
			inputPaths = (
			);
			name = "[CP] Copy Pods Resources";
			outputPaths = (
			);
			runOnlyForDeploymentPostprocessing = 0;
			shellPath = /bin/sh;
			shellScript = "\"${SRCROOT}/Pods/Target Support Files/Pods-MyFileManage/Pods-MyFileManage-resources.sh\"\n";
			showEnvVarsInLog = 0;
		};
		C31674FDB11CC82ED0F3EE2A /* [CP] Check Pods Manifest.lock */ = {
			isa = PBXShellScriptBuildPhase;
			buildActionMask = 2147483647;
			files = (
			);
			inputPaths = (
			);
			name = "[CP] Check Pods Manifest.lock";
			outputPaths = (
			);
			runOnlyForDeploymentPostprocessing = 0;
			shellPath = /bin/sh;
			shellScript = "diff \"${PODS_ROOT}/../Podfile.lock\" \"${PODS_ROOT}/Manifest.lock\" > /dev/null\nif [ $? != 0 ] ; then\n    # print error to STDERR\n    echo \"error: The sandbox is not in sync with the Podfile.lock. Run 'pod install' or update your CocoaPods installation.\" >&2\n    exit 1\nfi\n";
			showEnvVarsInLog = 0;
		};
/* End PBXShellScriptBuildPhase section */

/* Begin PBXSourcesBuildPhase section */
		377E95AC1ED532CD0080E86D /* Sources */ = {
			isa = PBXSourcesBuildPhase;
			buildActionMask = 2147483647;
			files = (
				376F4DE01EDAF8B300CE9B26 /* HTTPErrorResponse.m in Sources */,
				371597F91EE0F99900B482AB /* PDFDocument.m in Sources */,
				372FD5971EF184FF001A7868 /* ReadTXTPageViewController.m in Sources */,
				372FD5941EF17CA7001A7868 /* ReadTXTModel.m in Sources */,
				37E41ADD1EDAFAF60096C7BF /* cacheVideoConnect.m in Sources */,
				376F4DCE1EDAF8B300CE9B26 /* DDLog.m in Sources */,
				376F4DC91EDAF8B300CE9B26 /* GCDAsyncSocket.m in Sources */,
				377E95EA1ED533CD0080E86D /* AppDelegate.m in Sources */,
				37B3B2901EE3A569001D9ECD /* ReaderTextViewController.m in Sources */,
				376F4DDB1EDAF8B300CE9B26 /* MultipartMessageHeader.m in Sources */,
				376F4DD51EDAF8B300CE9B26 /* DDRange.m in Sources */,
				374AB5B81ED7D088004CFD0B /* UIView+Extension.m in Sources */,
				371597A51EDF9AE700B482AB /* File.m in Sources */,
				371597FD1EE0F9E000B482AB /* PDFPageViewController.m in Sources */,
				377E96FA1ED560530080E86D /* SettingViewController.m in Sources */,
				376F4DCD1EDAF8B300CE9B26 /* DDFileLogger.m in Sources */,
				376F4DDF1EDAF8B300CE9B26 /* HTTPDynamicFileResponse.m in Sources */,
				372FD5911EF17C70001A7868 /* ReadTXTView.m in Sources */,
				37E41AE51EDAFAF60096C7BF /* progressView.m in Sources */,
				372B6A821EDE5F9E00C4E979 /* ReaderPDFViewController.m in Sources */,
				376F4DD71EDAF8B300CE9B26 /* HTTPConnection.m in Sources */,
				37DA25ED1ED6EFED000C607B /* playVideoViewController.m in Sources */,
				377E95B51ED532CD0080E86D /* main.m in Sources */,
				372FD5AB1EF2D2F9001A7868 /* MBProgressHUD+NJ.m in Sources */,
				37E41AE11EDAFAF60096C7BF /* playView+showHMSecond.m in Sources */,
				37E41ADE1EDAFAF60096C7BF /* cacheVideoSaveCache.m in Sources */,
				372F7D891EF7AB17001D74EB /* ReadTXTMagnifierView.m in Sources */,
				376F4DE21EDAF8B300CE9B26 /* HTTPRedirectResponse.m in Sources */,
				374AB5B91ED7D088004CFD0B /* ZoomImageView.m in Sources */,
				377E971D1ED6BD1F0080E86D /* openImageViewController.m in Sources */,
				376F4DD11EDAF8B300CE9B26 /* DispatchQueueLogFormatter.m in Sources */,
				371597AC1EDFB1A500B482AB /* Device.m in Sources */,
				374AB5B71ED7D088004CFD0B /* DataBaseTool.m in Sources */,
				37E41AE31EDAFAF60096C7BF /* playView.m in Sources */,
				376F4DDC1EDAF8B300CE9B26 /* MultipartMessageHeaderField.m in Sources */,
				37E41AE41EDAFAF60096C7BF /* progressSlideView.m in Sources */,
				376F4DD41EDAF8B300CE9B26 /* DDNumber.m in Sources */,
				376F4DE31EDAF8B300CE9B26 /* WebSocket.m in Sources */,
				372A98CB1EF6276700954DEA /* TXTReaderConfigue.m in Sources */,
				376F4DCF1EDAF8B300CE9B26 /* DDTTYLogger.m in Sources */,
				372FD5A41EF29C43001A7868 /* TXTReaderParse.m in Sources */,
				377E96F51ED55FA70080E86D /* BaseNavgaitionController.m in Sources */,
				377E96F61ED55FA70080E86D /* MainViewController.m in Sources */,
				376F4DE41EDAF8B300CE9B26 /* MyHTTPConnection.m in Sources */,
				376F4DDD1EDAF8B300CE9B26 /* HTTPAsyncFileResponse.m in Sources */,
				377E971A1ED69BFE0080E86D /* fileModel.m in Sources */,
				371597FA1EE0F99900B482AB /* PDFPage.m in Sources */,
				377E970A1ED5C5C40080E86D /* ConnectWifiWebViewController.m in Sources */,
				376F4DD01EDAF8B300CE9B26 /* ContextFilterLogFormatter.m in Sources */,
				37E41AE21EDAFAF60096C7BF /* playView+slidePlayControl.m in Sources */,
				376F4DD81EDAF8B300CE9B26 /* HTTPMessage.m in Sources */,
				376F4DD61EDAF8B300CE9B26 /* HTTPAuthenticationRequest.m in Sources */,
				376F4DD91EDAF8B300CE9B26 /* HTTPServer.m in Sources */,
				376F4DCC1EDAF8B300CE9B26 /* DDASLLogger.m in Sources */,
				372FD5A01EF29AAF001A7868 /* ReadChapterModel.m in Sources */,
				372FD5AD1EF2D2F9001A7868 /* MBProgressHUD.m in Sources */,
				37E41ADF1EDAFAF60096C7BF /* playView+playControl.m in Sources */,
				376F4DDA1EDAF8B300CE9B26 /* MultipartFormDataParser.m in Sources */,
				376F4DD31EDAF8B300CE9B26 /* DDData.m in Sources */,
				376F4DCB1EDAF8B300CE9B26 /* DDAbstractDatabaseLogger.m in Sources */,
				37E41AE01EDAFAF60096C7BF /* playView+playInfoShow.m in Sources */,
				376F4DDE1EDAF8B300CE9B26 /* HTTPDataResponse.m in Sources */,
				376F4DE11EDAF8B300CE9B26 /* HTTPFileResponse.m in Sources */,
				377E95ED1ED533FC0080E86D /* homeViewController.m in Sources */,
			);
			runOnlyForDeploymentPostprocessing = 0;
		};
		377E95C51ED532CD0080E86D /* Sources */ = {
			isa = PBXSourcesBuildPhase;
			buildActionMask = 2147483647;
			files = (
				377E95CE1ED532CD0080E86D /* MyFileManageTests.m in Sources */,
			);
			runOnlyForDeploymentPostprocessing = 0;
		};
		377E95D01ED532CD0080E86D /* Sources */ = {
			isa = PBXSourcesBuildPhase;
			buildActionMask = 2147483647;
			files = (
				377E95D91ED532CD0080E86D /* MyFileManageUITests.m in Sources */,
			);
			runOnlyForDeploymentPostprocessing = 0;
		};
/* End PBXSourcesBuildPhase section */

/* Begin PBXTargetDependency section */
		377E95CB1ED532CD0080E86D /* PBXTargetDependency */ = {
			isa = PBXTargetDependency;
			target = 377E95AF1ED532CD0080E86D /* MyFileManage */;
			targetProxy = 377E95CA1ED532CD0080E86D /* PBXContainerItemProxy */;
		};
		377E95D61ED532CD0080E86D /* PBXTargetDependency */ = {
			isa = PBXTargetDependency;
			target = 377E95AF1ED532CD0080E86D /* MyFileManage */;
			targetProxy = 377E95D51ED532CD0080E86D /* PBXContainerItemProxy */;
		};
/* End PBXTargetDependency section */

/* Begin PBXVariantGroup section */
		377E95C11ED532CD0080E86D /* LaunchScreen.storyboard */ = {
			isa = PBXVariantGroup;
			children = (
				377E95C21ED532CD0080E86D /* Base */,
			);
			name = LaunchScreen.storyboard;
			sourceTree = "<group>";
		};
/* End PBXVariantGroup section */

/* Begin XCBuildConfiguration section */
		377E95DB1ED532CD0080E86D /* Debug */ = {
			isa = XCBuildConfiguration;
			buildSettings = {
				ALWAYS_SEARCH_USER_PATHS = NO;
				CLANG_ANALYZER_NONNULL = YES;
				CLANG_ANALYZER_NUMBER_OBJECT_CONVERSION = YES_AGGRESSIVE;
				CLANG_CXX_LANGUAGE_STANDARD = "gnu++0x";
				CLANG_CXX_LIBRARY = "libc++";
				CLANG_ENABLE_MODULES = YES;
				CLANG_ENABLE_OBJC_ARC = YES;
				CLANG_WARN_BOOL_CONVERSION = YES;
				CLANG_WARN_CONSTANT_CONVERSION = YES;
				CLANG_WARN_DIRECT_OBJC_ISA_USAGE = YES_ERROR;
				CLANG_WARN_DOCUMENTATION_COMMENTS = YES;
				CLANG_WARN_EMPTY_BODY = YES;
				CLANG_WARN_ENUM_CONVERSION = YES;
				CLANG_WARN_INFINITE_RECURSION = YES;
				CLANG_WARN_INT_CONVERSION = YES;
				CLANG_WARN_OBJC_ROOT_CLASS = YES_ERROR;
				CLANG_WARN_SUSPICIOUS_MOVE = YES;
				CLANG_WARN_UNREACHABLE_CODE = YES;
				CLANG_WARN__DUPLICATE_METHOD_MATCH = YES;
				"CODE_SIGN_IDENTITY[sdk=iphoneos*]" = "iPhone Developer";
				COPY_PHASE_STRIP = NO;
				DEBUG_INFORMATION_FORMAT = dwarf;
				ENABLE_STRICT_OBJC_MSGSEND = YES;
				ENABLE_TESTABILITY = YES;
				GCC_C_LANGUAGE_STANDARD = gnu99;
				GCC_DYNAMIC_NO_PIC = NO;
				GCC_NO_COMMON_BLOCKS = YES;
				GCC_OPTIMIZATION_LEVEL = 0;
				GCC_PREPROCESSOR_DEFINITIONS = (
					"DEBUG=1",
					"$(inherited)",
				);
				GCC_WARN_64_TO_32_BIT_CONVERSION = YES;
				GCC_WARN_ABOUT_RETURN_TYPE = YES_ERROR;
				GCC_WARN_UNDECLARED_SELECTOR = YES;
				GCC_WARN_UNINITIALIZED_AUTOS = YES_AGGRESSIVE;
				GCC_WARN_UNUSED_FUNCTION = YES;
				GCC_WARN_UNUSED_VARIABLE = YES;
				IPHONEOS_DEPLOYMENT_TARGET = 10.3;
				MTL_ENABLE_DEBUG_INFO = YES;
				ONLY_ACTIVE_ARCH = YES;
				SDKROOT = iphoneos;
				TARGETED_DEVICE_FAMILY = "1,2";
			};
			name = Debug;
		};
		377E95DC1ED532CD0080E86D /* Release */ = {
			isa = XCBuildConfiguration;
			buildSettings = {
				ALWAYS_SEARCH_USER_PATHS = NO;
				CLANG_ANALYZER_NONNULL = YES;
				CLANG_ANALYZER_NUMBER_OBJECT_CONVERSION = YES_AGGRESSIVE;
				CLANG_CXX_LANGUAGE_STANDARD = "gnu++0x";
				CLANG_CXX_LIBRARY = "libc++";
				CLANG_ENABLE_MODULES = YES;
				CLANG_ENABLE_OBJC_ARC = YES;
				CLANG_WARN_BOOL_CONVERSION = YES;
				CLANG_WARN_CONSTANT_CONVERSION = YES;
				CLANG_WARN_DIRECT_OBJC_ISA_USAGE = YES_ERROR;
				CLANG_WARN_DOCUMENTATION_COMMENTS = YES;
				CLANG_WARN_EMPTY_BODY = YES;
				CLANG_WARN_ENUM_CONVERSION = YES;
				CLANG_WARN_INFINITE_RECURSION = YES;
				CLANG_WARN_INT_CONVERSION = YES;
				CLANG_WARN_OBJC_ROOT_CLASS = YES_ERROR;
				CLANG_WARN_SUSPICIOUS_MOVE = YES;
				CLANG_WARN_UNREACHABLE_CODE = YES;
				CLANG_WARN__DUPLICATE_METHOD_MATCH = YES;
				"CODE_SIGN_IDENTITY[sdk=iphoneos*]" = "iPhone Developer";
				COPY_PHASE_STRIP = NO;
				DEBUG_INFORMATION_FORMAT = "dwarf-with-dsym";
				ENABLE_NS_ASSERTIONS = NO;
				ENABLE_STRICT_OBJC_MSGSEND = YES;
				GCC_C_LANGUAGE_STANDARD = gnu99;
				GCC_NO_COMMON_BLOCKS = YES;
				GCC_WARN_64_TO_32_BIT_CONVERSION = YES;
				GCC_WARN_ABOUT_RETURN_TYPE = YES_ERROR;
				GCC_WARN_UNDECLARED_SELECTOR = YES;
				GCC_WARN_UNINITIALIZED_AUTOS = YES_AGGRESSIVE;
				GCC_WARN_UNUSED_FUNCTION = YES;
				GCC_WARN_UNUSED_VARIABLE = YES;
				IPHONEOS_DEPLOYMENT_TARGET = 10.3;
				MTL_ENABLE_DEBUG_INFO = NO;
				SDKROOT = iphoneos;
				TARGETED_DEVICE_FAMILY = "1,2";
				VALIDATE_PRODUCT = YES;
			};
			name = Release;
		};
		377E95DE1ED532CD0080E86D /* Debug */ = {
			isa = XCBuildConfiguration;
			baseConfigurationReference = 4BE11BA20A57DA626274A2BD /* Pods-MyFileManage.debug.xcconfig */;
			buildSettings = {
				ASSETCATALOG_COMPILER_APPICON_NAME = AppIcon;
				DEVELOPMENT_TEAM = 29F87GM9ZX;
				GCC_PREFIX_HEADER = MyFileManage/PrefixHeader.pch;
				INFOPLIST_FILE = MyFileManage/Info.plist;
				IPHONEOS_DEPLOYMENT_TARGET = 8.0;
				LD_RUNPATH_SEARCH_PATHS = "$(inherited) @executable_path/Frameworks";
				PRODUCT_BUNDLE_IDENTIFIER = wangchao.MyFileManage;
				PRODUCT_NAME = "$(TARGET_NAME)";
			};
			name = Debug;
		};
		377E95DF1ED532CD0080E86D /* Release */ = {
			isa = XCBuildConfiguration;
			baseConfigurationReference = E03FDBB762C016C433F89C26 /* Pods-MyFileManage.release.xcconfig */;
			buildSettings = {
				ASSETCATALOG_COMPILER_APPICON_NAME = AppIcon;
				DEVELOPMENT_TEAM = 29F87GM9ZX;
				GCC_PREFIX_HEADER = MyFileManage/PrefixHeader.pch;
				INFOPLIST_FILE = MyFileManage/Info.plist;
				IPHONEOS_DEPLOYMENT_TARGET = 8.0;
				LD_RUNPATH_SEARCH_PATHS = "$(inherited) @executable_path/Frameworks";
				PRODUCT_BUNDLE_IDENTIFIER = wangchao.MyFileManage;
				PRODUCT_NAME = "$(TARGET_NAME)";
			};
			name = Release;
		};
		377E95E11ED532CD0080E86D /* Debug */ = {
			isa = XCBuildConfiguration;
			buildSettings = {
				BUNDLE_LOADER = "$(TEST_HOST)";
				DEVELOPMENT_TEAM = 29F87GM9ZX;
				INFOPLIST_FILE = MyFileManageTests/Info.plist;
				LD_RUNPATH_SEARCH_PATHS = "$(inherited) @executable_path/Frameworks @loader_path/Frameworks";
				PRODUCT_BUNDLE_IDENTIFIER = wangchao.MyFileManageTests;
				PRODUCT_NAME = "$(TARGET_NAME)";
				TEST_HOST = "$(BUILT_PRODUCTS_DIR)/MyFileManage.app/MyFileManage";
			};
			name = Debug;
		};
		377E95E21ED532CD0080E86D /* Release */ = {
			isa = XCBuildConfiguration;
			buildSettings = {
				BUNDLE_LOADER = "$(TEST_HOST)";
				DEVELOPMENT_TEAM = 29F87GM9ZX;
				INFOPLIST_FILE = MyFileManageTests/Info.plist;
				LD_RUNPATH_SEARCH_PATHS = "$(inherited) @executable_path/Frameworks @loader_path/Frameworks";
				PRODUCT_BUNDLE_IDENTIFIER = wangchao.MyFileManageTests;
				PRODUCT_NAME = "$(TARGET_NAME)";
				TEST_HOST = "$(BUILT_PRODUCTS_DIR)/MyFileManage.app/MyFileManage";
			};
			name = Release;
		};
		377E95E41ED532CD0080E86D /* Debug */ = {
			isa = XCBuildConfiguration;
			buildSettings = {
				DEVELOPMENT_TEAM = 29F87GM9ZX;
				INFOPLIST_FILE = MyFileManageUITests/Info.plist;
				LD_RUNPATH_SEARCH_PATHS = "$(inherited) @executable_path/Frameworks @loader_path/Frameworks";
				PRODUCT_BUNDLE_IDENTIFIER = wangchao.MyFileManageUITests;
				PRODUCT_NAME = "$(TARGET_NAME)";
				TEST_TARGET_NAME = MyFileManage;
			};
			name = Debug;
		};
		377E95E51ED532CD0080E86D /* Release */ = {
			isa = XCBuildConfiguration;
			buildSettings = {
				DEVELOPMENT_TEAM = 29F87GM9ZX;
				INFOPLIST_FILE = MyFileManageUITests/Info.plist;
				LD_RUNPATH_SEARCH_PATHS = "$(inherited) @executable_path/Frameworks @loader_path/Frameworks";
				PRODUCT_BUNDLE_IDENTIFIER = wangchao.MyFileManageUITests;
				PRODUCT_NAME = "$(TARGET_NAME)";
				TEST_TARGET_NAME = MyFileManage;
			};
			name = Release;
		};
/* End XCBuildConfiguration section */

/* Begin XCConfigurationList section */
		377E95AB1ED532CD0080E86D /* Build configuration list for PBXProject "MyFileManage" */ = {
			isa = XCConfigurationList;
			buildConfigurations = (
				377E95DB1ED532CD0080E86D /* Debug */,
				377E95DC1ED532CD0080E86D /* Release */,
			);
			defaultConfigurationIsVisible = 0;
			defaultConfigurationName = Release;
		};
		377E95DD1ED532CD0080E86D /* Build configuration list for PBXNativeTarget "MyFileManage" */ = {
			isa = XCConfigurationList;
			buildConfigurations = (
				377E95DE1ED532CD0080E86D /* Debug */,
				377E95DF1ED532CD0080E86D /* Release */,
			);
			defaultConfigurationIsVisible = 0;
			defaultConfigurationName = Release;
		};
		377E95E01ED532CD0080E86D /* Build configuration list for PBXNativeTarget "MyFileManageTests" */ = {
			isa = XCConfigurationList;
			buildConfigurations = (
				377E95E11ED532CD0080E86D /* Debug */,
				377E95E21ED532CD0080E86D /* Release */,
			);
			defaultConfigurationIsVisible = 0;
			defaultConfigurationName = Release;
		};
		377E95E31ED532CD0080E86D /* Build configuration list for PBXNativeTarget "MyFileManageUITests" */ = {
			isa = XCConfigurationList;
			buildConfigurations = (
				377E95E41ED532CD0080E86D /* Debug */,
				377E95E51ED532CD0080E86D /* Release */,
			);
			defaultConfigurationIsVisible = 0;
			defaultConfigurationName = Release;
		};
/* End XCConfigurationList section */
	};
	rootObject = 377E95A81ED532CD0080E86D /* Project object */;
}
